// !$*UTF8*$!
{
	archiveVersion = 1;
	classes = {
	};
	objectVersion = 46;
	objects = {

/* Begin PBXAggregateTarget section */
		CA05914B089C2EB300A3901F /* Export Helpbook */ = {
			isa = PBXAggregateTarget;
			buildConfigurationList = CA059151089C2EC200A3901F /* Build configuration list for PBXAggregateTarget "Export Helpbook" */;
			buildPhases = (
				CA05914A089C2EB300A3901F /* ShellScript */,
			);
			dependencies = (
			);
			name = "Export Helpbook";
			productName = Helpbook;
		};
		CA6C745B083B9D8B0006D65C /* All */ = {
			isa = PBXAggregateTarget;
			buildConfigurationList = CA3CDB72087AF15F00A4B356 /* Build configuration list for PBXAggregateTarget "All" */;
			buildPhases = (
			);
			dependencies = (
				D47349B813E8537200582E59 /* PBXTargetDependency */,
				CA6C745F083B9DA20006D65C /* PBXTargetDependency */,
				CA6C7461083B9DA20006D65C /* PBXTargetDependency */,
				CA5B52FA083E9FB70071F3C7 /* PBXTargetDependency */,
			);
			name = All;
			productName = All;
		};
/* End PBXAggregateTarget section */

/* Begin PBXBuildFile section */
		4C80E0EC089617E800E14B0E /* SystemConfiguration.framework in Frameworks */ = {isa = PBXBuildFile; fileRef = CA6C73A6083B98830006D65C /* SystemConfiguration.framework */; };
		A104580F1409FDF400E8FB2E /* SKMConfigEntry.m in Sources */ = {isa = PBXBuildFile; fileRef = A10458061409FDD000E8FB2E /* SKMConfigEntry.m */; };
		A10458111409FDF400E8FB2E /* SKMSettingsClientConfigurationController.m in Sources */ = {isa = PBXBuildFile; fileRef = A10458081409FDD000E8FB2E /* SKMSettingsClientConfigurationController.m */; };
		A10458131409FDF400E8FB2E /* SKMSettingsWindowController.m in Sources */ = {isa = PBXBuildFile; fileRef = A104580A1409FDD000E8FB2E /* SKMSettingsWindowController.m */; };
		A10458151409FDF400E8FB2E /* SynergyKMAppDelegate.m in Sources */ = {isa = PBXBuildFile; fileRef = A104580C1409FDD000E8FB2E /* SynergyKMAppDelegate.m */; };
		A10458161409FE0400E8FB2E /* InfoPlist.strings in Resources */ = {isa = PBXBuildFile; fileRef = A10457FE1409FD7900E8FB2E /* InfoPlist.strings */; };
		A10458171409FE0400E8FB2E /* Settings.xib in Resources */ = {isa = PBXBuildFile; fileRef = A10458001409FD7900E8FB2E /* Settings.xib */; };
		A16A6E0013DD139000D3A5E4 /* MenuCracker.menu in CopyFiles */ = {isa = PBXBuildFile; fileRef = A16A6DF713DD11C800D3A5E4 /* MenuCracker.menu */; };
		A16A6E1313EF018000D3A5E4 /* SystemConfiguration.framework in Frameworks */ = {isa = PBXBuildFile; fileRef = CA6C73A6083B98830006D65C /* SystemConfiguration.framework */; };
		C40DF9000E244EA400450B52 /* SynergyScreen.png in Resources */ = {isa = PBXBuildFile; fileRef = C40DF8FE0E244EA400450B52 /* SynergyScreen.png */; };
		C40DF9010E244EA400450B52 /* SynergyPref.png in Resources */ = {isa = PBXBuildFile; fileRef = C40DF8FF0E244EA400450B52 /* SynergyPref.png */; };
		C40DF9040E244EA800450B52 /* SynergyScreen.png in Resources */ = {isa = PBXBuildFile; fileRef = C40DF8FE0E244EA400450B52 /* SynergyScreen.png */; };
		C40DF9050E244EA800450B52 /* SynergyPref.png in Resources */ = {isa = PBXBuildFile; fileRef = C40DF8FF0E244EA400450B52 /* SynergyPref.png */; };
		C40DF9420E24582100450B52 /* Synergy.png in Resources */ = {isa = PBXBuildFile; fileRef = C40DF9410E24582100450B52 /* Synergy.png */; };
		C40DF9450E24582C00450B52 /* Synergy.png in Resources */ = {isa = PBXBuildFile; fileRef = C40DF9410E24582100450B52 /* Synergy.png */; };
		C466FA461006618A00DEB597 /* synergyc in Resources */ = {isa = PBXBuildFile; fileRef = C466FA441006618A00DEB597 /* synergyc */; };
		C466FA471006618A00DEB597 /* synergys in Resources */ = {isa = PBXBuildFile; fileRef = C466FA451006618A00DEB597 /* synergys */; };
		C4ECDFFA105368A7003D2908 /* Synergy.icns in Resources */ = {isa = PBXBuildFile; fileRef = CAA598720840DC1F0076CB83 /* Synergy.icns */; };
		CA3C3B1D087D34D3007161A1 /* StatusWarning_P.tif in Resources */ = {isa = PBXBuildFile; fileRef = CA3C3B1B087D34D3007161A1 /* StatusWarning_P.tif */; };
		CA3C3B1E087D34D3007161A1 /* StatusWarning.tif in Resources */ = {isa = PBXBuildFile; fileRef = CA3C3B1C087D34D3007161A1 /* StatusWarning.tif */; };
		CA5B4F25083DF9F70071F3C7 /* StatusConnected.tif in Resources */ = {isa = PBXBuildFile; fileRef = CA6C7349083B969C0006D65C /* StatusConnected.tif */; };
		CA5B4F26083DF9F70071F3C7 /* StatusConnected_P.tif in Resources */ = {isa = PBXBuildFile; fileRef = CA6C734A083B969C0006D65C /* StatusConnected_P.tif */; };
		CA5B4F27083DF9F80071F3C7 /* StatusConnecting_1.tif in Resources */ = {isa = PBXBuildFile; fileRef = CA6C734B083B969C0006D65C /* StatusConnecting_1.tif */; };
		CA5B4F29083DF9FA0071F3C7 /* StatusConnecting_2.tif in Resources */ = {isa = PBXBuildFile; fileRef = CA6C734D083B969C0006D65C /* StatusConnecting_2.tif */; };
		CA5B4F2A083DF9FA0071F3C7 /* StatusConnecting_1_P.tif in Resources */ = {isa = PBXBuildFile; fileRef = CA6C734C083B969C0006D65C /* StatusConnecting_1_P.tif */; };
		CA5B4F2B083DF9FB0071F3C7 /* StatusConnecting_2_P.tif in Resources */ = {isa = PBXBuildFile; fileRef = CA6C734E083B969C0006D65C /* StatusConnecting_2_P.tif */; };
		CA5B4F2C083DF9FC0071F3C7 /* StatusDisconnected.tif in Resources */ = {isa = PBXBuildFile; fileRef = CA6C734F083B969C0006D65C /* StatusDisconnected.tif */; };
		CA5B4F2D083DF9FD0071F3C7 /* StatusDisconnected_P.tif in Resources */ = {isa = PBXBuildFile; fileRef = CA6C7350083B969C0006D65C /* StatusDisconnected_P.tif */; };
		CA5B4F2E083DF9FD0071F3C7 /* StatusDiscovering_1.tif in Resources */ = {isa = PBXBuildFile; fileRef = CA6C7351083B969C0006D65C /* StatusDiscovering_1.tif */; };
		CA5B4F2F083DF9FE0071F3C7 /* StatusDiscovering_1_P.tif in Resources */ = {isa = PBXBuildFile; fileRef = CA6C7352083B969C0006D65C /* StatusDiscovering_1_P.tif */; };
		CA5B4F30083DF9FF0071F3C7 /* StatusDiscovering_2.tif in Resources */ = {isa = PBXBuildFile; fileRef = CA6C7353083B969C0006D65C /* StatusDiscovering_2.tif */; };
		CA5B4F31083DFA000071F3C7 /* StatusDiscovering_2_P.tif in Resources */ = {isa = PBXBuildFile; fileRef = CA6C7354083B969C0006D65C /* StatusDiscovering_2_P.tif */; };
		CA5B4F32083DFA010071F3C7 /* StatusDiscovering_3.tif in Resources */ = {isa = PBXBuildFile; fileRef = CA6C7355083B969C0006D65C /* StatusDiscovering_3.tif */; };
		CA5B4F33083DFA010071F3C7 /* StatusDiscovering_3_P.tif in Resources */ = {isa = PBXBuildFile; fileRef = CA6C7356083B969C0006D65C /* StatusDiscovering_3_P.tif */; };
		CA5B4F34083DFA020071F3C7 /* StatusError.tif in Resources */ = {isa = PBXBuildFile; fileRef = CA6C7357083B969C0006D65C /* StatusError.tif */; };
		CA5B4F35083DFA020071F3C7 /* StatusError_P.tif in Resources */ = {isa = PBXBuildFile; fileRef = CA6C7358083B969C0006D65C /* StatusError_P.tif */; };
		CA5B4F36083DFA030071F3C7 /* StatusIdle.tif in Resources */ = {isa = PBXBuildFile; fileRef = CA6C7359083B969C0006D65C /* StatusIdle.tif */; };
		CA5B4F37083DFA050071F3C7 /* StatusIdle_P.tif in Resources */ = {isa = PBXBuildFile; fileRef = CA6C735A083B969C0006D65C /* StatusIdle_P.tif */; };
		CA5B4F38083DFA050071F3C7 /* StatusInvalid.tif in Resources */ = {isa = PBXBuildFile; fileRef = CA6C735B083B969C0006D65C /* StatusInvalid.tif */; };
		CA5B4F39083DFA050071F3C7 /* StatusInvalid_P.tif in Resources */ = {isa = PBXBuildFile; fileRef = CA6C735C083B969C0006D65C /* StatusInvalid_P.tif */; };
		CA5B4F3A083DFA060071F3C7 /* StatusRunning.tif in Resources */ = {isa = PBXBuildFile; fileRef = CA6C735D083B969C0006D65C /* StatusRunning.tif */; };
		CA5B4F3C083DFA070071F3C7 /* StatusRunning_P.tif in Resources */ = {isa = PBXBuildFile; fileRef = CA6C735E083B969C0006D65C /* StatusRunning_P.tif */; };
		CA5B4F4F083DFB700071F3C7 /* SMStatusMenuExtra.m in Sources */ = {isa = PBXBuildFile; fileRef = CA5B4F4E083DFB700071F3C7 /* SMStatusMenuExtra.m */; };
		CA5B4FA1083DFD5C0071F3C7 /* Cocoa.framework in Frameworks */ = {isa = PBXBuildFile; fileRef = CA6C739F083B985E0006D65C /* Cocoa.framework */; };
		CA5B4FAD083DFE310071F3C7 /* SystemUIPlugin.framework in Frameworks */ = {isa = PBXBuildFile; fileRef = CA5B4FAC083DFE310071F3C7 /* SystemUIPlugin.framework */; };
		CA5B506A083E08570071F3C7 /* SPProcessInfoAdditions.m in Sources */ = {isa = PBXBuildFile; fileRef = CA6C744A083B9CE10006D65C /* SPProcessInfoAdditions.m */; };
		CA5B506B083E08590071F3C7 /* SDConstants.m in Sources */ = {isa = PBXBuildFile; fileRef = CA6C7448083B9CE10006D65C /* SDConstants.m */; };
		CA5B50A5083E0D490071F3C7 /* SKMServerController.m in Sources */ = {isa = PBXBuildFile; fileRef = CA5B50A4083E0D490071F3C7 /* SKMServerController.m */; };
		CA5B5301083E9FD70071F3C7 /* SynergyKM.menu in Resources */ = {isa = PBXBuildFile; fileRef = CA5B4F0B083DF8D00071F3C7 /* SynergyKM.menu */; };
		CA5B5375083EA69E0071F3C7 /* SKMServerController.m in Sources */ = {isa = PBXBuildFile; fileRef = CA5B50A4083E0D490071F3C7 /* SKMServerController.m */; };
		CA5B538B083EA72B0071F3C7 /* SKMMenuExtraController.m in Sources */ = {isa = PBXBuildFile; fileRef = CA5B538A083EA72B0071F3C7 /* SKMMenuExtraController.m */; };
		CA6C7381083B97720006D65C /* InfoPlist.strings in Resources */ = {isa = PBXBuildFile; fileRef = CA6C737D083B97720006D65C /* InfoPlist.strings */; };
		CA6C7385083B979B0006D65C /* Synergyd.nib in Resources */ = {isa = PBXBuildFile; fileRef = CA6C7383083B979B0006D65C /* Synergyd.nib */; };
		CA6C7388083B97E60006D65C /* SDAppController.m in Sources */ = {isa = PBXBuildFile; fileRef = CA6C7300083B969B0006D65C /* SDAppController.m */; };
		CA6C7389083B97E70006D65C /* SDAutomaticConfigurationAgent.m in Sources */ = {isa = PBXBuildFile; fileRef = CA6C7302083B969B0006D65C /* SDAutomaticConfigurationAgent.m */; };
		CA6C738A083B97E70006D65C /* SDConfigurationAgent.m in Sources */ = {isa = PBXBuildFile; fileRef = CA6C7304083B969B0006D65C /* SDConfigurationAgent.m */; };
		CA6C738B083B97E80006D65C /* SDConfigurationManager.m in Sources */ = {isa = PBXBuildFile; fileRef = CA6C7306083B969B0006D65C /* SDConfigurationManager.m */; };
		CA6C738C083B97E90006D65C /* SDStaticConfigurationAgent.m in Sources */ = {isa = PBXBuildFile; fileRef = CA6C7308083B969B0006D65C /* SDStaticConfigurationAgent.m */; };
		CA6C738D083B97E90006D65C /* SDStatusUpdater.m in Sources */ = {isa = PBXBuildFile; fileRef = CA6C730A083B969B0006D65C /* SDStatusUpdater.m */; };
		CA6C738E083B97E90006D65C /* SDSynergyClientWrapper.m in Sources */ = {isa = PBXBuildFile; fileRef = CA6C730C083B969B0006D65C /* SDSynergyClientWrapper.m */; };
		CA6C738F083B97EA0006D65C /* SDSynergyServerWrapper.m in Sources */ = {isa = PBXBuildFile; fileRef = CA6C730E083B969B0006D65C /* SDSynergyServerWrapper.m */; };
		CA6C7390083B97EB0006D65C /* SDSynergyWrapper.m in Sources */ = {isa = PBXBuildFile; fileRef = CA6C7310083B969B0006D65C /* SDSynergyWrapper.m */; };
		CA6C7391083B97EB0006D65C /* SDUtilities.m in Sources */ = {isa = PBXBuildFile; fileRef = CA6C7312083B969B0006D65C /* SDUtilities.m */; };
		CA6C7392083B97EC0006D65C /* Synergyd.m in Sources */ = {isa = PBXBuildFile; fileRef = CA6C7313083B969B0006D65C /* Synergyd.m */; };
		CA6C73A0083B985E0006D65C /* Cocoa.framework in Frameworks */ = {isa = PBXBuildFile; fileRef = CA6C739F083B985E0006D65C /* Cocoa.framework */; };
		CA6C73A7083B98830006D65C /* SystemConfiguration.framework in Frameworks */ = {isa = PBXBuildFile; fileRef = CA6C73A6083B98830006D65C /* SystemConfiguration.framework */; };
		CA6C741C083B9C560006D65C /* SPScreenEntry.mm in Sources */ = {isa = PBXBuildFile; fileRef = CA6C731B083B969B0006D65C /* SPScreenEntry.mm */; };
		CA6C741D083B9C570006D65C /* SPServerTabController.mm in Sources */ = {isa = PBXBuildFile; fileRef = CA6C732E083B969C0006D65C /* SPServerTabController.mm */; };
		CA6C741E083B9C570006D65C /* SPAliasesListController.mm in Sources */ = {isa = PBXBuildFile; fileRef = CA6C731E083B969B0006D65C /* SPAliasesListController.mm */; };
		CA6C741F083B9C570006D65C /* SPBaseSheetController.mm in Sources */ = {isa = PBXBuildFile; fileRef = CA6C7320083B969B0006D65C /* SPBaseSheetController.mm */; };
		CA6C7420083B9C580006D65C /* SPConfigEntry.mm in Sources */ = {isa = PBXBuildFile; fileRef = CA6C7317083B969B0006D65C /* SPConfigEntry.mm */; };
		CA6C7421083B9C580006D65C /* SPEditLocationController.mm in Sources */ = {isa = PBXBuildFile; fileRef = CA6C7324083B969B0006D65C /* SPEditLocationController.mm */; };
		CA6C7422083B9C590006D65C /* SPBezierPath+RoundRect.m in Sources */ = {isa = PBXBuildFile; fileRef = CA6C733B083B969C0006D65C /* SPBezierPath+RoundRect.m */; };
		CA6C7423083B9C590006D65C /* SPTableView.mm in Sources */ = {isa = PBXBuildFile; fileRef = CA6C7342083B969C0006D65C /* SPTableView.mm */; };
		CA6C7424083B9C5A0006D65C /* SPScreenEntryBaseSheetController.mm in Sources */ = {isa = PBXBuildFile; fileRef = CA6C7328083B969B0006D65C /* SPScreenEntryBaseSheetController.mm */; };
		CA6C7425083B9C5B0006D65C /* SPConfigurationManager.mm in Sources */ = {isa = PBXBuildFile; fileRef = CA6C7319083B969B0006D65C /* SPConfigurationManager.mm */; };
		CA6C7426083B9C5B0006D65C /* SPScreenOptionsController.mm in Sources */ = {isa = PBXBuildFile; fileRef = CA6C732A083B969C0006D65C /* SPScreenOptionsController.mm */; };
		CA6C7428083B9C5C0006D65C /* SPStringAdditions.mm in Sources */ = {isa = PBXBuildFile; fileRef = CA6C733D083B969C0006D65C /* SPStringAdditions.mm */; };
		CA6C742B083B9C5E0006D65C /* SPScreenView.mm in Sources */ = {isa = PBXBuildFile; fileRef = CA6C7340083B969C0006D65C /* SPScreenView.mm */; };
		CA6C742C083B9C5E0006D65C /* SPNewLocationController.mm in Sources */ = {isa = PBXBuildFile; fileRef = CA6C7326083B969B0006D65C /* SPNewLocationController.mm */; };
		CA6C742D083B9C5F0006D65C /* SPClientTabController.mm in Sources */ = {isa = PBXBuildFile; fileRef = CA6C7322083B969B0006D65C /* SPClientTabController.mm */; };
		CA6C742F083B9C600006D65C /* SPServerOptionsController.mm in Sources */ = {isa = PBXBuildFile; fileRef = CA6C732C083B969C0006D65C /* SPServerOptionsController.mm */; };
		CA6C7430083B9C620006D65C /* SynergyPane.mm in Sources */ = {isa = PBXBuildFile; fileRef = CA6C7338083B969C0006D65C /* SynergyPane.mm */; };
		CA6C7431083B9C6E0006D65C /* InfoPlist.strings in Resources */ = {isa = PBXBuildFile; fileRef = CA6C7416083B9C1D0006D65C /* InfoPlist.strings */; };
		CA6C7432083B9C6E0006D65C /* SynergyPane.nib in Resources */ = {isa = PBXBuildFile; fileRef = CA6C741A083B9C230006D65C /* SynergyPane.nib */; };
		CA6C744D083B9CE10006D65C /* SDConstants.m in Sources */ = {isa = PBXBuildFile; fileRef = CA6C7448083B9CE10006D65C /* SDConstants.m */; };
		CA6C744E083B9CE10006D65C /* SPProcessInfoAdditions.m in Sources */ = {isa = PBXBuildFile; fileRef = CA6C744A083B9CE10006D65C /* SPProcessInfoAdditions.m */; };
		CA6C7457083B9D530006D65C /* PreferencePanes.framework in Frameworks */ = {isa = PBXBuildFile; fileRef = CA6C73A3083B986D0006D65C /* PreferencePanes.framework */; };
		CA6C7458083B9D540006D65C /* Cocoa.framework in Frameworks */ = {isa = PBXBuildFile; fileRef = CA6C739F083B985E0006D65C /* Cocoa.framework */; };
		CA6C7466083B9DB90006D65C /* Synergyd.app in Resources */ = {isa = PBXBuildFile; fileRef = CA6C7372083B96D50006D65C /* Synergyd.app */; };
		CA6C747C083B9FA60006D65C /* LCSStdIOTaskWrapper.m in Sources */ = {isa = PBXBuildFile; fileRef = CA6C7446083B9CE10006D65C /* LCSStdIOTaskWrapper.m */; };
		CA6C747D083B9FA90006D65C /* SDConstants.m in Sources */ = {isa = PBXBuildFile; fileRef = CA6C7448083B9CE10006D65C /* SDConstants.m */; };
		CA6C747E083B9FA90006D65C /* SPProcessInfoAdditions.m in Sources */ = {isa = PBXBuildFile; fileRef = CA6C744A083B9CE10006D65C /* SPProcessInfoAdditions.m */; };
		CA97F109083F872C00F8650A /* InfoPlist.strings in Resources */ = {isa = PBXBuildFile; fileRef = CA97F107083F872B00F8650A /* InfoPlist.strings */; };
		CAA598730840DC1F0076CB83 /* Synergy.icns in Resources */ = {isa = PBXBuildFile; fileRef = CAA598720840DC1F0076CB83 /* Synergy.icns */; };
		D45CEAC413E861C3001A1EFB /* Menu.xib in Resources */ = {isa = PBXBuildFile; fileRef = D45CEAC613E861C3001A1EFB /* Menu.xib */; };
		D473499D13E8524D00582E59 /* Cocoa.framework in Frameworks */ = {isa = PBXBuildFile; fileRef = CA6C739F083B985E0006D65C /* Cocoa.framework */; };
		D47349BB13E853BF00582E59 /* SynergyKM.m in Sources */ = {isa = PBXBuildFile; fileRef = D473499313E84EE500582E59 /* SynergyKM.m */; };
		D47349E513E85A2700582E59 /* StatusConnected.tif in Resources */ = {isa = PBXBuildFile; fileRef = CA6C7349083B969C0006D65C /* StatusConnected.tif */; };
		D47349E613E85A2700582E59 /* StatusConnected_P.tif in Resources */ = {isa = PBXBuildFile; fileRef = CA6C734A083B969C0006D65C /* StatusConnected_P.tif */; };
		D47349E713E85A2700582E59 /* StatusConnecting_1.tif in Resources */ = {isa = PBXBuildFile; fileRef = CA6C734B083B969C0006D65C /* StatusConnecting_1.tif */; };
		D47349E813E85A2700582E59 /* StatusConnecting_1_P.tif in Resources */ = {isa = PBXBuildFile; fileRef = CA6C734C083B969C0006D65C /* StatusConnecting_1_P.tif */; };
		D47349E913E85A2700582E59 /* StatusConnecting_2.tif in Resources */ = {isa = PBXBuildFile; fileRef = CA6C734D083B969C0006D65C /* StatusConnecting_2.tif */; };
		D47349EA13E85A2700582E59 /* StatusConnecting_2_P.tif in Resources */ = {isa = PBXBuildFile; fileRef = CA6C734E083B969C0006D65C /* StatusConnecting_2_P.tif */; };
		D47349EB13E85A2700582E59 /* StatusDisconnected.tif in Resources */ = {isa = PBXBuildFile; fileRef = CA6C734F083B969C0006D65C /* StatusDisconnected.tif */; };
		D47349EC13E85A2700582E59 /* StatusDisconnected_P.tif in Resources */ = {isa = PBXBuildFile; fileRef = CA6C7350083B969C0006D65C /* StatusDisconnected_P.tif */; };
		D47349ED13E85A2700582E59 /* StatusDiscovering_1.tif in Resources */ = {isa = PBXBuildFile; fileRef = CA6C7351083B969C0006D65C /* StatusDiscovering_1.tif */; };
		D47349EE13E85A2700582E59 /* StatusDiscovering_1_P.tif in Resources */ = {isa = PBXBuildFile; fileRef = CA6C7352083B969C0006D65C /* StatusDiscovering_1_P.tif */; };
		D47349EF13E85A2700582E59 /* StatusDiscovering_2.tif in Resources */ = {isa = PBXBuildFile; fileRef = CA6C7353083B969C0006D65C /* StatusDiscovering_2.tif */; };
		D47349F013E85A2700582E59 /* StatusDiscovering_2_P.tif in Resources */ = {isa = PBXBuildFile; fileRef = CA6C7354083B969C0006D65C /* StatusDiscovering_2_P.tif */; };
		D47349F113E85A2700582E59 /* StatusDiscovering_3.tif in Resources */ = {isa = PBXBuildFile; fileRef = CA6C7355083B969C0006D65C /* StatusDiscovering_3.tif */; };
		D47349F213E85A2700582E59 /* StatusDiscovering_3_P.tif in Resources */ = {isa = PBXBuildFile; fileRef = CA6C7356083B969C0006D65C /* StatusDiscovering_3_P.tif */; };
		D47349F313E85A2700582E59 /* StatusError.tif in Resources */ = {isa = PBXBuildFile; fileRef = CA6C7357083B969C0006D65C /* StatusError.tif */; };
		D47349F413E85A2700582E59 /* StatusError_P.tif in Resources */ = {isa = PBXBuildFile; fileRef = CA6C7358083B969C0006D65C /* StatusError_P.tif */; };
		D47349F513E85A2700582E59 /* StatusIdle.tif in Resources */ = {isa = PBXBuildFile; fileRef = CA6C7359083B969C0006D65C /* StatusIdle.tif */; };
		D47349F613E85A2700582E59 /* StatusIdle_P.tif in Resources */ = {isa = PBXBuildFile; fileRef = CA6C735A083B969C0006D65C /* StatusIdle_P.tif */; };
		D47349F713E85A2700582E59 /* StatusInvalid.tif in Resources */ = {isa = PBXBuildFile; fileRef = CA6C735B083B969C0006D65C /* StatusInvalid.tif */; };
		D47349F813E85A2700582E59 /* StatusInvalid_P.tif in Resources */ = {isa = PBXBuildFile; fileRef = CA6C735C083B969C0006D65C /* StatusInvalid_P.tif */; };
		D47349F913E85A2700582E59 /* StatusRunning.tif in Resources */ = {isa = PBXBuildFile; fileRef = CA6C735D083B969C0006D65C /* StatusRunning.tif */; };
		D47349FA13E85A2700582E59 /* StatusRunning_P.tif in Resources */ = {isa = PBXBuildFile; fileRef = CA6C735E083B969C0006D65C /* StatusRunning_P.tif */; };
		D47349FB13E85A2700582E59 /* StatusWarning_P.tif in Resources */ = {isa = PBXBuildFile; fileRef = CA3C3B1B087D34D3007161A1 /* StatusWarning_P.tif */; };
		D47349FC13E85A2700582E59 /* StatusWarning.tif in Resources */ = {isa = PBXBuildFile; fileRef = CA3C3B1C087D34D3007161A1 /* StatusWarning.tif */; };
/* End PBXBuildFile section */

/* Begin PBXContainerItemProxy section */
		A16A6DF613DD11C800D3A5E4 /* PBXContainerItemProxy */ = {
			isa = PBXContainerItemProxy;
			containerPortal = A16A6DEF13DD11C700D3A5E4 /* MenuCracker.xcodeproj */;
			proxyType = 2;
			remoteGlobalIDString = 4C53094B0908F88E009B01FF;
			remoteInfo = MenuCracker;
		};
		A16A6DF813DD11C800D3A5E4 /* PBXContainerItemProxy */ = {
			isa = PBXContainerItemProxy;
			containerPortal = A16A6DEF13DD11C700D3A5E4 /* MenuCracker.xcodeproj */;
			proxyType = 2;
			remoteGlobalIDString = 4C5309560908F88E009B01FF;
			remoteInfo = OpenUp;
		};
		A16A6DFA13DD11C800D3A5E4 /* PBXContainerItemProxy */ = {
			isa = PBXContainerItemProxy;
			containerPortal = A16A6DEF13DD11C700D3A5E4 /* MenuCracker.xcodeproj */;
			proxyType = 2;
			remoteGlobalIDString = 4C5309630908F88E009B01FF;
			remoteInfo = version;
		};
		A16A6DFC13DD133400D3A5E4 /* PBXContainerItemProxy */ = {
			isa = PBXContainerItemProxy;
			containerPortal = A16A6DEF13DD11C700D3A5E4 /* MenuCracker.xcodeproj */;
			proxyType = 1;
			remoteGlobalIDString = 4C53093A0908F88E009B01FF;
			remoteInfo = MenuCracker;
		};
		A1D0A5EB13DCA1E80006C1D6 /* PBXContainerItemProxy */ = {
			isa = PBXContainerItemProxy;
			containerPortal = CA6C72EB083B926D0006D65C /* Project object */;
			proxyType = 1;
			remoteGlobalIDString = CA6C7371083B96D50006D65C;
			remoteInfo = Daemon;
		};
		A1D0A5ED13DCA1EF0006C1D6 /* PBXContainerItemProxy */ = {
			isa = PBXContainerItemProxy;
			containerPortal = CA6C72EB083B926D0006D65C /* Project object */;
			proxyType = 1;
			remoteGlobalIDString = CA5B4F0A083DF8D00071F3C7;
			remoteInfo = StatusMenu;
		};
		CA5B52F9083E9FB70071F3C7 /* PBXContainerItemProxy */ = {
			isa = PBXContainerItemProxy;
			containerPortal = CA6C72EB083B926D0006D65C /* Project object */;
			proxyType = 1;
			remoteGlobalIDString = CA5B4F0A083DF8D00071F3C7;
			remoteInfo = StatusMenu;
		};
		CA6C745E083B9DA20006D65C /* PBXContainerItemProxy */ = {
			isa = PBXContainerItemProxy;
			containerPortal = CA6C72EB083B926D0006D65C /* Project object */;
			proxyType = 1;
			remoteGlobalIDString = CA6C7371083B96D50006D65C;
			remoteInfo = Daemon;
		};
		CA6C7460083B9DA20006D65C /* PBXContainerItemProxy */ = {
			isa = PBXContainerItemProxy;
			containerPortal = CA6C72EB083B926D0006D65C /* Project object */;
			proxyType = 1;
			remoteGlobalIDString = CA6C73ED083B9AE60006D65C;
			remoteInfo = Prefpane;
		};
		D47349B713E8537200582E59 /* PBXContainerItemProxy */ = {
			isa = PBXContainerItemProxy;
			containerPortal = CA6C72EB083B926D0006D65C /* Project object */;
			proxyType = 1;
			remoteGlobalIDString = D473499A13E8524D00582E59;
			remoteInfo = SynergyKM;
		};
/* End PBXContainerItemProxy section */

/* Begin PBXCopyFilesBuildPhase section */
		A16A6DFF13DD137E00D3A5E4 /* CopyFiles */ = {
			isa = PBXCopyFilesBuildPhase;
			buildActionMask = 2147483647;
			dstPath = "";
			dstSubfolderSpec = 7;
			files = (
				A16A6E0013DD139000D3A5E4 /* MenuCracker.menu in CopyFiles */,
			);
			runOnlyForDeploymentPostprocessing = 0;
		};
/* End PBXCopyFilesBuildPhase section */

/* Begin PBXFileReference section */
		A10457FF1409FD7900E8FB2E /* English */ = {isa = PBXFileReference; lastKnownFileType = text.plist.strings; name = English; path = English.lproj/InfoPlist.strings; sourceTree = "<group>"; };
		A10458011409FD7900E8FB2E /* English */ = {isa = PBXFileReference; lastKnownFileType = file.xib; name = English; path = English.lproj/Settings.xib; sourceTree = "<group>"; };
		A10458041409FDD000E8FB2E /* SKMCommon.h */ = {isa = PBXFileReference; fileEncoding = 4; lastKnownFileType = sourcecode.c.h; path = SKMCommon.h; sourceTree = "<group>"; };
		A10458051409FDD000E8FB2E /* SKMConfigEntry.h */ = {isa = PBXFileReference; fileEncoding = 4; lastKnownFileType = sourcecode.c.h; path = SKMConfigEntry.h; sourceTree = "<group>"; };
		A10458061409FDD000E8FB2E /* SKMConfigEntry.m */ = {isa = PBXFileReference; fileEncoding = 4; lastKnownFileType = sourcecode.c.objc; path = SKMConfigEntry.m; sourceTree = "<group>"; };
		A10458071409FDD000E8FB2E /* SKMSettingsClientConfigurationController.h */ = {isa = PBXFileReference; fileEncoding = 4; lastKnownFileType = sourcecode.c.h; path = SKMSettingsClientConfigurationController.h; sourceTree = "<group>"; };
		A10458081409FDD000E8FB2E /* SKMSettingsClientConfigurationController.m */ = {isa = PBXFileReference; fileEncoding = 4; lastKnownFileType = sourcecode.c.objc; path = SKMSettingsClientConfigurationController.m; sourceTree = "<group>"; };
		A10458091409FDD000E8FB2E /* SKMSettingsWindowController.h */ = {isa = PBXFileReference; fileEncoding = 4; lastKnownFileType = sourcecode.c.h; path = SKMSettingsWindowController.h; sourceTree = "<group>"; };
		A104580A1409FDD000E8FB2E /* SKMSettingsWindowController.m */ = {isa = PBXFileReference; fileEncoding = 4; lastKnownFileType = sourcecode.c.objc; path = SKMSettingsWindowController.m; sourceTree = "<group>"; };
		A104580B1409FDD000E8FB2E /* SynergyKMAppDelegate.h */ = {isa = PBXFileReference; fileEncoding = 4; lastKnownFileType = sourcecode.c.h; path = SynergyKMAppDelegate.h; sourceTree = "<group>"; };
		A104580C1409FDD000E8FB2E /* SynergyKMAppDelegate.m */ = {isa = PBXFileReference; fileEncoding = 4; lastKnownFileType = sourcecode.c.objc; path = SynergyKMAppDelegate.m; sourceTree = "<group>"; };
		A16A6DEF13DD11C700D3A5E4 /* MenuCracker.xcodeproj */ = {isa = PBXFileReference; lastKnownFileType = "wrapper.pb-project"; name = MenuCracker.xcodeproj; path = Components/menucracker/MenuCracker.xcodeproj; sourceTree = "<group>"; };
		C40DF8FE0E244EA400450B52 /* SynergyScreen.png */ = {isa = PBXFileReference; lastKnownFileType = image.png; path = SynergyScreen.png; sourceTree = "<group>"; };
		C40DF8FF0E244EA400450B52 /* SynergyPref.png */ = {isa = PBXFileReference; lastKnownFileType = image.png; path = SynergyPref.png; sourceTree = "<group>"; };
		C40DF9410E24582100450B52 /* Synergy.png */ = {isa = PBXFileReference; lastKnownFileType = image.png; path = Synergy.png; sourceTree = "<group>"; };
		C466FA441006618A00DEB597 /* synergyc */ = {isa = PBXFileReference; lastKnownFileType = "compiled.mach-o.executable"; name = synergyc; path = "Components/synergy-1.3.1/synergyc"; sourceTree = "<group>"; };
		C466FA451006618A00DEB597 /* synergys */ = {isa = PBXFileReference; lastKnownFileType = "compiled.mach-o.executable"; name = synergys; path = "Components/synergy-1.3.1/synergys"; sourceTree = "<group>"; };
		C4ECDFAF10536732003D2908 /* Read Me.rtfd */ = {isa = PBXFileReference; lastKnownFileType = wrapper.rtfd; path = "Read Me.rtfd"; sourceTree = "<group>"; };
		CA05917B089C30FA00A3901F /* English */ = {isa = PBXFileReference; lastKnownFileType = wrapper.nib; name = English; path = MainMenu.nib; sourceTree = "<group>"; };
		CA05917E089C30FA00A3901F /* Info.plist */ = {isa = PBXFileReference; fileEncoding = 30; lastKnownFileType = text.plist.xml; path = Info.plist; sourceTree = "<group>"; };
		CA05917F089C30FA00A3901F /* installer.applescript */ = {isa = PBXFileReference; fileEncoding = 30; lastKnownFileType = sourcecode.applescript; path = installer.applescript; sourceTree = "<group>"; };
		CA059180089C30FA00A3901F /* installer.m */ = {isa = PBXFileReference; fileEncoding = 30; lastKnownFileType = sourcecode.c.objc; path = installer.m; sourceTree = "<group>"; };
		CA059181089C30FA00A3901F /* quitsynergyd.m */ = {isa = PBXFileReference; fileEncoding = 30; lastKnownFileType = sourcecode.c.objc; path = quitsynergyd.m; sourceTree = "<group>"; };
		CA05922A089C325F00A3901F /* CoreFoundation.framework */ = {isa = PBXFileReference; lastKnownFileType = wrapper.framework; name = CoreFoundation.framework; path = System/Library/Frameworks/CoreFoundation.framework; sourceTree = SDKROOT; };
		CA059256089C334D00A3901F /* AppleScriptKit.framework */ = {isa = PBXFileReference; lastKnownFileType = wrapper.framework; name = AppleScriptKit.framework; path = System/Library/Frameworks/AppleScriptKit.framework; sourceTree = SDKROOT; };
		CA3C3B1B087D34D3007161A1 /* StatusWarning_P.tif */ = {isa = PBXFileReference; lastKnownFileType = image.tiff; path = StatusWarning_P.tif; sourceTree = "<group>"; };
		CA3C3B1C087D34D3007161A1 /* StatusWarning.tif */ = {isa = PBXFileReference; lastKnownFileType = image.tiff; path = StatusWarning.tif; sourceTree = "<group>"; };
		CA5B4F0B083DF8D00071F3C7 /* SynergyKM.menu */ = {isa = PBXFileReference; explicitFileType = wrapper.cfbundle; includeInIndex = 0; path = SynergyKM.menu; sourceTree = BUILT_PRODUCTS_DIR; };
		CA5B4F12083DF9350071F3C7 /* Info.plist */ = {isa = PBXFileReference; fileEncoding = 30; lastKnownFileType = text.plist.xml; path = Info.plist; sourceTree = "<group>"; };
		CA5B4F4D083DFB700071F3C7 /* SMStatusMenuExtra.h */ = {isa = PBXFileReference; fileEncoding = 4; lastKnownFileType = sourcecode.c.h; path = SMStatusMenuExtra.h; sourceTree = "<group>"; };
		CA5B4F4E083DFB700071F3C7 /* SMStatusMenuExtra.m */ = {isa = PBXFileReference; fileEncoding = 4; lastKnownFileType = sourcecode.c.objc; path = SMStatusMenuExtra.m; sourceTree = "<group>"; };
		CA5B4FAC083DFE310071F3C7 /* SystemUIPlugin.framework */ = {isa = PBXFileReference; lastKnownFileType = wrapper.framework; name = SystemUIPlugin.framework; path = System/Library/PrivateFrameworks/SystemUIPlugin.framework; sourceTree = SDKROOT; };
		CA5B50A3083E0D490071F3C7 /* SKMServerController.h */ = {isa = PBXFileReference; fileEncoding = 4; lastKnownFileType = sourcecode.c.h; path = SKMServerController.h; sourceTree = "<group>"; };
		CA5B50A4083E0D490071F3C7 /* SKMServerController.m */ = {isa = PBXFileReference; fileEncoding = 4; lastKnownFileType = sourcecode.c.objc; path = SKMServerController.m; sourceTree = "<group>"; };
		CA5B5389083EA72B0071F3C7 /* SKMMenuExtraController.h */ = {isa = PBXFileReference; fileEncoding = 30; lastKnownFileType = sourcecode.c.h; path = SKMMenuExtraController.h; sourceTree = "<group>"; };
		CA5B538A083EA72B0071F3C7 /* SKMMenuExtraController.m */ = {isa = PBXFileReference; fileEncoding = 30; lastKnownFileType = sourcecode.c.objc; path = SKMMenuExtraController.m; sourceTree = "<group>"; };
		CA6C72FD083B969B0006D65C /* Info.plist */ = {isa = PBXFileReference; fileEncoding = 30; lastKnownFileType = text.plist.xml; path = Info.plist; sourceTree = "<group>"; };
		CA6C72FF083B969B0006D65C /* SDAppController.h */ = {isa = PBXFileReference; fileEncoding = 30; lastKnownFileType = sourcecode.c.h; path = SDAppController.h; sourceTree = "<group>"; };
		CA6C7300083B969B0006D65C /* SDAppController.m */ = {isa = PBXFileReference; fileEncoding = 30; lastKnownFileType = sourcecode.c.objc; path = SDAppController.m; sourceTree = "<group>"; };
		CA6C7301083B969B0006D65C /* SDAutomaticConfigurationAgent.h */ = {isa = PBXFileReference; fileEncoding = 30; lastKnownFileType = sourcecode.c.h; path = SDAutomaticConfigurationAgent.h; sourceTree = "<group>"; };
		CA6C7302083B969B0006D65C /* SDAutomaticConfigurationAgent.m */ = {isa = PBXFileReference; fileEncoding = 30; lastKnownFileType = sourcecode.c.objc; path = SDAutomaticConfigurationAgent.m; sourceTree = "<group>"; };
		CA6C7303083B969B0006D65C /* SDConfigurationAgent.h */ = {isa = PBXFileReference; fileEncoding = 30; lastKnownFileType = sourcecode.c.h; path = SDConfigurationAgent.h; sourceTree = "<group>"; };
		CA6C7304083B969B0006D65C /* SDConfigurationAgent.m */ = {isa = PBXFileReference; fileEncoding = 30; lastKnownFileType = sourcecode.c.objc; path = SDConfigurationAgent.m; sourceTree = "<group>"; };
		CA6C7305083B969B0006D65C /* SDConfigurationManager.h */ = {isa = PBXFileReference; fileEncoding = 30; lastKnownFileType = sourcecode.c.h; path = SDConfigurationManager.h; sourceTree = "<group>"; };
		CA6C7306083B969B0006D65C /* SDConfigurationManager.m */ = {isa = PBXFileReference; fileEncoding = 30; lastKnownFileType = sourcecode.c.objc; path = SDConfigurationManager.m; sourceTree = "<group>"; };
		CA6C7307083B969B0006D65C /* SDStaticConfigurationAgent.h */ = {isa = PBXFileReference; fileEncoding = 30; lastKnownFileType = sourcecode.c.h; path = SDStaticConfigurationAgent.h; sourceTree = "<group>"; };
		CA6C7308083B969B0006D65C /* SDStaticConfigurationAgent.m */ = {isa = PBXFileReference; fileEncoding = 30; lastKnownFileType = sourcecode.c.objc; path = SDStaticConfigurationAgent.m; sourceTree = "<group>"; };
		CA6C7309083B969B0006D65C /* SDStatusUpdater.h */ = {isa = PBXFileReference; fileEncoding = 30; lastKnownFileType = sourcecode.c.h; path = SDStatusUpdater.h; sourceTree = "<group>"; };
		CA6C730A083B969B0006D65C /* SDStatusUpdater.m */ = {isa = PBXFileReference; fileEncoding = 30; lastKnownFileType = sourcecode.c.objc; path = SDStatusUpdater.m; sourceTree = "<group>"; };
		CA6C730B083B969B0006D65C /* SDSynergyClientWrapper.h */ = {isa = PBXFileReference; fileEncoding = 30; lastKnownFileType = sourcecode.c.h; path = SDSynergyClientWrapper.h; sourceTree = "<group>"; };
		CA6C730C083B969B0006D65C /* SDSynergyClientWrapper.m */ = {isa = PBXFileReference; fileEncoding = 30; lastKnownFileType = sourcecode.c.objc; path = SDSynergyClientWrapper.m; sourceTree = "<group>"; };
		CA6C730D083B969B0006D65C /* SDSynergyServerWrapper.h */ = {isa = PBXFileReference; fileEncoding = 30; lastKnownFileType = sourcecode.c.h; path = SDSynergyServerWrapper.h; sourceTree = "<group>"; };
		CA6C730E083B969B0006D65C /* SDSynergyServerWrapper.m */ = {isa = PBXFileReference; fileEncoding = 30; lastKnownFileType = sourcecode.c.objc; path = SDSynergyServerWrapper.m; sourceTree = "<group>"; };
		CA6C730F083B969B0006D65C /* SDSynergyWrapper.h */ = {isa = PBXFileReference; fileEncoding = 30; lastKnownFileType = sourcecode.c.h; path = SDSynergyWrapper.h; sourceTree = "<group>"; };
		CA6C7310083B969B0006D65C /* SDSynergyWrapper.m */ = {isa = PBXFileReference; fileEncoding = 30; lastKnownFileType = sourcecode.c.objc; path = SDSynergyWrapper.m; sourceTree = "<group>"; };
		CA6C7311083B969B0006D65C /* SDUtilities.h */ = {isa = PBXFileReference; fileEncoding = 30; lastKnownFileType = sourcecode.c.h; path = SDUtilities.h; sourceTree = "<group>"; };
		CA6C7312083B969B0006D65C /* SDUtilities.m */ = {isa = PBXFileReference; fileEncoding = 30; lastKnownFileType = sourcecode.c.objc; path = SDUtilities.m; sourceTree = "<group>"; };
		CA6C7313083B969B0006D65C /* Synergyd.m */ = {isa = PBXFileReference; fileEncoding = 30; lastKnownFileType = sourcecode.c.objc; path = Synergyd.m; sourceTree = "<group>"; };
		CA6C7316083B969B0006D65C /* SPConfigEntry.h */ = {isa = PBXFileReference; fileEncoding = 30; lastKnownFileType = sourcecode.c.h; path = SPConfigEntry.h; sourceTree = "<group>"; };
		CA6C7317083B969B0006D65C /* SPConfigEntry.mm */ = {isa = PBXFileReference; fileEncoding = 30; lastKnownFileType = sourcecode.cpp.objcpp; path = SPConfigEntry.mm; sourceTree = "<group>"; };
		CA6C7318083B969B0006D65C /* SPConfigurationManager.h */ = {isa = PBXFileReference; fileEncoding = 30; lastKnownFileType = sourcecode.c.h; path = SPConfigurationManager.h; sourceTree = "<group>"; };
		CA6C7319083B969B0006D65C /* SPConfigurationManager.mm */ = {isa = PBXFileReference; fileEncoding = 30; lastKnownFileType = sourcecode.cpp.objcpp; path = SPConfigurationManager.mm; sourceTree = "<group>"; };
		CA6C731A083B969B0006D65C /* SPScreenEntry.h */ = {isa = PBXFileReference; fileEncoding = 30; lastKnownFileType = sourcecode.c.h; path = SPScreenEntry.h; sourceTree = "<group>"; };
		CA6C731B083B969B0006D65C /* SPScreenEntry.mm */ = {isa = PBXFileReference; fileEncoding = 30; lastKnownFileType = sourcecode.cpp.objcpp; path = SPScreenEntry.mm; sourceTree = "<group>"; };
		CA6C731D083B969B0006D65C /* SPAliasesListController.h */ = {isa = PBXFileReference; fileEncoding = 30; lastKnownFileType = sourcecode.c.h; path = SPAliasesListController.h; sourceTree = "<group>"; };
		CA6C731E083B969B0006D65C /* SPAliasesListController.mm */ = {isa = PBXFileReference; fileEncoding = 30; lastKnownFileType = sourcecode.cpp.objcpp; path = SPAliasesListController.mm; sourceTree = "<group>"; };
		CA6C731F083B969B0006D65C /* SPBaseSheetController.h */ = {isa = PBXFileReference; fileEncoding = 30; lastKnownFileType = sourcecode.c.h; path = SPBaseSheetController.h; sourceTree = "<group>"; };
		CA6C7320083B969B0006D65C /* SPBaseSheetController.mm */ = {isa = PBXFileReference; fileEncoding = 30; lastKnownFileType = sourcecode.cpp.objcpp; path = SPBaseSheetController.mm; sourceTree = "<group>"; };
		CA6C7321083B969B0006D65C /* SPClientTabController.h */ = {isa = PBXFileReference; fileEncoding = 30; lastKnownFileType = sourcecode.c.h; path = SPClientTabController.h; sourceTree = "<group>"; };
		CA6C7322083B969B0006D65C /* SPClientTabController.mm */ = {isa = PBXFileReference; fileEncoding = 30; lastKnownFileType = sourcecode.cpp.objcpp; path = SPClientTabController.mm; sourceTree = "<group>"; };
		CA6C7323083B969B0006D65C /* SPEditLocationController.h */ = {isa = PBXFileReference; fileEncoding = 30; lastKnownFileType = sourcecode.c.h; path = SPEditLocationController.h; sourceTree = "<group>"; };
		CA6C7324083B969B0006D65C /* SPEditLocationController.mm */ = {isa = PBXFileReference; fileEncoding = 30; lastKnownFileType = sourcecode.cpp.objcpp; path = SPEditLocationController.mm; sourceTree = "<group>"; };
		CA6C7325083B969B0006D65C /* SPNewLocationController.h */ = {isa = PBXFileReference; fileEncoding = 30; lastKnownFileType = sourcecode.c.h; path = SPNewLocationController.h; sourceTree = "<group>"; };
		CA6C7326083B969B0006D65C /* SPNewLocationController.mm */ = {isa = PBXFileReference; fileEncoding = 30; lastKnownFileType = sourcecode.cpp.objcpp; path = SPNewLocationController.mm; sourceTree = "<group>"; };
		CA6C7327083B969B0006D65C /* SPScreenEntryBaseSheetController.h */ = {isa = PBXFileReference; fileEncoding = 30; lastKnownFileType = sourcecode.c.h; path = SPScreenEntryBaseSheetController.h; sourceTree = "<group>"; };
		CA6C7328083B969B0006D65C /* SPScreenEntryBaseSheetController.mm */ = {isa = PBXFileReference; fileEncoding = 30; lastKnownFileType = sourcecode.cpp.objcpp; path = SPScreenEntryBaseSheetController.mm; sourceTree = "<group>"; };
		CA6C7329083B969C0006D65C /* SPScreenOptionsController.h */ = {isa = PBXFileReference; fileEncoding = 30; lastKnownFileType = sourcecode.c.h; path = SPScreenOptionsController.h; sourceTree = "<group>"; };
		CA6C732A083B969C0006D65C /* SPScreenOptionsController.mm */ = {isa = PBXFileReference; fileEncoding = 30; lastKnownFileType = sourcecode.cpp.objcpp; path = SPScreenOptionsController.mm; sourceTree = "<group>"; };
		CA6C732B083B969C0006D65C /* SPServerOptionsController.h */ = {isa = PBXFileReference; fileEncoding = 30; lastKnownFileType = sourcecode.c.h; path = SPServerOptionsController.h; sourceTree = "<group>"; };
		CA6C732C083B969C0006D65C /* SPServerOptionsController.mm */ = {isa = PBXFileReference; fileEncoding = 30; lastKnownFileType = sourcecode.cpp.objcpp; path = SPServerOptionsController.mm; sourceTree = "<group>"; };
		CA6C732D083B969C0006D65C /* SPServerTabController.h */ = {isa = PBXFileReference; fileEncoding = 30; lastKnownFileType = sourcecode.c.h; path = SPServerTabController.h; sourceTree = "<group>"; };
		CA6C732E083B969C0006D65C /* SPServerTabController.mm */ = {isa = PBXFileReference; fileEncoding = 30; lastKnownFileType = sourcecode.cpp.objcpp; path = SPServerTabController.mm; sourceTree = "<group>"; };
		CA6C7331083B969C0006D65C /* English */ = {isa = PBXFileReference; fileEncoding = 10; lastKnownFileType = text.plist.strings; name = English; path = English.lproj/InfoPlist.strings; sourceTree = "<group>"; };
		CA6C7333083B969C0006D65C /* English */ = {isa = PBXFileReference; lastKnownFileType = wrapper.nib; name = English; path = English.lproj/SynergyPane.nib; sourceTree = "<group>"; };
		CA6C7334083B969C0006D65C /* Info.plist */ = {isa = PBXFileReference; fileEncoding = 30; lastKnownFileType = text.plist.xml; path = Info.plist; sourceTree = "<group>"; };
		CA6C7337083B969C0006D65C /* SynergyPane.h */ = {isa = PBXFileReference; fileEncoding = 30; lastKnownFileType = sourcecode.c.h; path = SynergyPane.h; sourceTree = "<group>"; };
		CA6C7338083B969C0006D65C /* SynergyPane.mm */ = {isa = PBXFileReference; fileEncoding = 30; lastKnownFileType = sourcecode.cpp.objcpp; path = SynergyPane.mm; sourceTree = "<group>"; };
		CA6C733A083B969C0006D65C /* SPBezierPath+RoundRect.h */ = {isa = PBXFileReference; fileEncoding = 30; lastKnownFileType = sourcecode.c.h; path = "SPBezierPath+RoundRect.h"; sourceTree = "<group>"; };
		CA6C733B083B969C0006D65C /* SPBezierPath+RoundRect.m */ = {isa = PBXFileReference; fileEncoding = 30; lastKnownFileType = sourcecode.c.objc; path = "SPBezierPath+RoundRect.m"; sourceTree = "<group>"; };
		CA6C733C083B969C0006D65C /* SPStringAdditions.h */ = {isa = PBXFileReference; fileEncoding = 30; lastKnownFileType = sourcecode.c.h; path = SPStringAdditions.h; sourceTree = "<group>"; };
		CA6C733D083B969C0006D65C /* SPStringAdditions.mm */ = {isa = PBXFileReference; fileEncoding = 30; lastKnownFileType = sourcecode.cpp.objcpp; path = SPStringAdditions.mm; sourceTree = "<group>"; };
		CA6C733F083B969C0006D65C /* SPScreenView.h */ = {isa = PBXFileReference; fileEncoding = 30; lastKnownFileType = sourcecode.c.h; path = SPScreenView.h; sourceTree = "<group>"; };
		CA6C7340083B969C0006D65C /* SPScreenView.mm */ = {isa = PBXFileReference; fileEncoding = 30; lastKnownFileType = sourcecode.cpp.objcpp; path = SPScreenView.mm; sourceTree = "<group>"; };
		CA6C7341083B969C0006D65C /* SPTableView.h */ = {isa = PBXFileReference; fileEncoding = 30; lastKnownFileType = sourcecode.c.h; path = SPTableView.h; sourceTree = "<group>"; };
		CA6C7342083B969C0006D65C /* SPTableView.mm */ = {isa = PBXFileReference; fileEncoding = 30; lastKnownFileType = sourcecode.cpp.objcpp; path = SPTableView.mm; sourceTree = "<group>"; };
		CA6C7349083B969C0006D65C /* StatusConnected.tif */ = {isa = PBXFileReference; lastKnownFileType = image.tiff; path = StatusConnected.tif; sourceTree = "<group>"; };
		CA6C734A083B969C0006D65C /* StatusConnected_P.tif */ = {isa = PBXFileReference; lastKnownFileType = image.tiff; path = StatusConnected_P.tif; sourceTree = "<group>"; };
		CA6C734B083B969C0006D65C /* StatusConnecting_1.tif */ = {isa = PBXFileReference; lastKnownFileType = image.tiff; path = StatusConnecting_1.tif; sourceTree = "<group>"; };
		CA6C734C083B969C0006D65C /* StatusConnecting_1_P.tif */ = {isa = PBXFileReference; lastKnownFileType = image.tiff; path = StatusConnecting_1_P.tif; sourceTree = "<group>"; };
		CA6C734D083B969C0006D65C /* StatusConnecting_2.tif */ = {isa = PBXFileReference; lastKnownFileType = image.tiff; path = StatusConnecting_2.tif; sourceTree = "<group>"; };
		CA6C734E083B969C0006D65C /* StatusConnecting_2_P.tif */ = {isa = PBXFileReference; lastKnownFileType = image.tiff; path = StatusConnecting_2_P.tif; sourceTree = "<group>"; };
		CA6C734F083B969C0006D65C /* StatusDisconnected.tif */ = {isa = PBXFileReference; lastKnownFileType = image.tiff; path = StatusDisconnected.tif; sourceTree = "<group>"; };
		CA6C7350083B969C0006D65C /* StatusDisconnected_P.tif */ = {isa = PBXFileReference; lastKnownFileType = image.tiff; path = StatusDisconnected_P.tif; sourceTree = "<group>"; };
		CA6C7351083B969C0006D65C /* StatusDiscovering_1.tif */ = {isa = PBXFileReference; lastKnownFileType = image.tiff; path = StatusDiscovering_1.tif; sourceTree = "<group>"; };
		CA6C7352083B969C0006D65C /* StatusDiscovering_1_P.tif */ = {isa = PBXFileReference; lastKnownFileType = image.tiff; path = StatusDiscovering_1_P.tif; sourceTree = "<group>"; };
		CA6C7353083B969C0006D65C /* StatusDiscovering_2.tif */ = {isa = PBXFileReference; lastKnownFileType = image.tiff; path = StatusDiscovering_2.tif; sourceTree = "<group>"; };
		CA6C7354083B969C0006D65C /* StatusDiscovering_2_P.tif */ = {isa = PBXFileReference; lastKnownFileType = image.tiff; path = StatusDiscovering_2_P.tif; sourceTree = "<group>"; };
		CA6C7355083B969C0006D65C /* StatusDiscovering_3.tif */ = {isa = PBXFileReference; lastKnownFileType = image.tiff; path = StatusDiscovering_3.tif; sourceTree = "<group>"; };
		CA6C7356083B969C0006D65C /* StatusDiscovering_3_P.tif */ = {isa = PBXFileReference; lastKnownFileType = image.tiff; path = StatusDiscovering_3_P.tif; sourceTree = "<group>"; };
		CA6C7357083B969C0006D65C /* StatusError.tif */ = {isa = PBXFileReference; lastKnownFileType = image.tiff; path = StatusError.tif; sourceTree = "<group>"; };
		CA6C7358083B969C0006D65C /* StatusError_P.tif */ = {isa = PBXFileReference; lastKnownFileType = image.tiff; path = StatusError_P.tif; sourceTree = "<group>"; };
		CA6C7359083B969C0006D65C /* StatusIdle.tif */ = {isa = PBXFileReference; lastKnownFileType = image.tiff; path = StatusIdle.tif; sourceTree = "<group>"; };
		CA6C735A083B969C0006D65C /* StatusIdle_P.tif */ = {isa = PBXFileReference; lastKnownFileType = image.tiff; path = StatusIdle_P.tif; sourceTree = "<group>"; };
		CA6C735B083B969C0006D65C /* StatusInvalid.tif */ = {isa = PBXFileReference; lastKnownFileType = image.tiff; path = StatusInvalid.tif; sourceTree = "<group>"; };
		CA6C735C083B969C0006D65C /* StatusInvalid_P.tif */ = {isa = PBXFileReference; lastKnownFileType = image.tiff; path = StatusInvalid_P.tif; sourceTree = "<group>"; };
		CA6C735D083B969C0006D65C /* StatusRunning.tif */ = {isa = PBXFileReference; lastKnownFileType = image.tiff; path = StatusRunning.tif; sourceTree = "<group>"; };
		CA6C735E083B969C0006D65C /* StatusRunning_P.tif */ = {isa = PBXFileReference; lastKnownFileType = image.tiff; path = StatusRunning_P.tif; sourceTree = "<group>"; };
		CA6C735F083B969C0006D65C /* Synergy Status.psd */ = {isa = PBXFileReference; lastKnownFileType = file; path = "Synergy Status.psd"; sourceTree = "<group>"; };
		CA6C7372083B96D50006D65C /* Synergyd.app */ = {isa = PBXFileReference; explicitFileType = wrapper.application; includeInIndex = 0; path = Synergyd.app; sourceTree = BUILT_PRODUCTS_DIR; };
		CA6C737E083B97720006D65C /* English */ = {isa = PBXFileReference; fileEncoding = 10; lastKnownFileType = text.plist.strings; name = English; path = English.lproj/InfoPlist.strings; sourceTree = "<group>"; };
		CA6C7384083B979B0006D65C /* English */ = {isa = PBXFileReference; lastKnownFileType = wrapper.nib; name = English; path = English.lproj/Synergyd.nib; sourceTree = "<group>"; };
		CA6C739F083B985E0006D65C /* Cocoa.framework */ = {isa = PBXFileReference; lastKnownFileType = wrapper.framework; name = Cocoa.framework; path = System/Library/Frameworks/Cocoa.framework; sourceTree = SDKROOT; };
		CA6C73A3083B986D0006D65C /* PreferencePanes.framework */ = {isa = PBXFileReference; lastKnownFileType = wrapper.framework; name = PreferencePanes.framework; path = System/Library/Frameworks/PreferencePanes.framework; sourceTree = SDKROOT; };
		CA6C73A6083B98830006D65C /* SystemConfiguration.framework */ = {isa = PBXFileReference; lastKnownFileType = wrapper.framework; name = SystemConfiguration.framework; path = System/Library/Frameworks/SystemConfiguration.framework; sourceTree = SDKROOT; };
		CA6C73EE083B9AE60006D65C /* SynergyKM.prefPane */ = {isa = PBXFileReference; explicitFileType = wrapper.cfbundle; includeInIndex = 0; path = SynergyKM.prefPane; sourceTree = BUILT_PRODUCTS_DIR; };
		CA6C7445083B9CE10006D65C /* LCSStdIOTaskWrapper.h */ = {isa = PBXFileReference; fileEncoding = 30; lastKnownFileType = sourcecode.c.h; path = LCSStdIOTaskWrapper.h; sourceTree = "<group>"; };
		CA6C7446083B9CE10006D65C /* LCSStdIOTaskWrapper.m */ = {isa = PBXFileReference; fileEncoding = 30; lastKnownFileType = sourcecode.c.objc; path = LCSStdIOTaskWrapper.m; sourceTree = "<group>"; };
		CA6C7447083B9CE10006D65C /* SDConstants.h */ = {isa = PBXFileReference; fileEncoding = 30; lastKnownFileType = sourcecode.c.h; path = SDConstants.h; sourceTree = "<group>"; };
		CA6C7448083B9CE10006D65C /* SDConstants.m */ = {isa = PBXFileReference; fileEncoding = 30; lastKnownFileType = sourcecode.c.objc; path = SDConstants.m; sourceTree = "<group>"; };
		CA6C7449083B9CE10006D65C /* SPProcessInfoAdditions.h */ = {isa = PBXFileReference; fileEncoding = 30; lastKnownFileType = sourcecode.c.h; path = SPProcessInfoAdditions.h; sourceTree = "<group>"; };
		CA6C744A083B9CE10006D65C /* SPProcessInfoAdditions.m */ = {isa = PBXFileReference; fileEncoding = 30; lastKnownFileType = sourcecode.c.objc; path = SPProcessInfoAdditions.m; sourceTree = "<group>"; };
		CA6C744B083B9CE10006D65C /* SynergyKM_Prefix.pch */ = {isa = PBXFileReference; fileEncoding = 30; lastKnownFileType = sourcecode.c.h; path = SynergyKM_Prefix.pch; sourceTree = "<group>"; };
		CA97F108083F872B00F8650A /* English */ = {isa = PBXFileReference; fileEncoding = 10; lastKnownFileType = text.plist.strings; name = English; path = English.lproj/InfoPlist.strings; sourceTree = "<group>"; };
		CAA598420840D8DF0076CB83 /* Synergy.psd */ = {isa = PBXFileReference; lastKnownFileType = file; path = Synergy.psd; sourceTree = "<group>"; };
		CAA598720840DC1F0076CB83 /* Synergy.icns */ = {isa = PBXFileReference; lastKnownFileType = image.icns; path = Synergy.icns; sourceTree = "<group>"; };
		D412C68D13E85BE60015ED7E /* Info.plist */ = {isa = PBXFileReference; lastKnownFileType = text.plist.xml; path = Info.plist; sourceTree = "<group>"; };
		D45CEAC513E861C3001A1EFB /* English */ = {isa = PBXFileReference; lastKnownFileType = file.xib; name = English; path = English.lproj/Menu.xib; sourceTree = "<group>"; };
		D473499313E84EE500582E59 /* SynergyKM.m */ = {isa = PBXFileReference; fileEncoding = 4; lastKnownFileType = sourcecode.c.objc; path = SynergyKM.m; sourceTree = "<group>"; };
		D473499B13E8524D00582E59 /* SynergyKM.app */ = {isa = PBXFileReference; explicitFileType = wrapper.application; includeInIndex = 0; path = SynergyKM.app; sourceTree = BUILT_PRODUCTS_DIR; };
		D473499F13E8524D00582E59 /* AppKit.framework */ = {isa = PBXFileReference; lastKnownFileType = wrapper.framework; name = AppKit.framework; path = System/Library/Frameworks/AppKit.framework; sourceTree = SDKROOT; };
		D47349A013E8524D00582E59 /* CoreData.framework */ = {isa = PBXFileReference; lastKnownFileType = wrapper.framework; name = CoreData.framework; path = System/Library/Frameworks/CoreData.framework; sourceTree = SDKROOT; };
		D47349A113E8524D00582E59 /* Foundation.framework */ = {isa = PBXFileReference; lastKnownFileType = wrapper.framework; name = Foundation.framework; path = System/Library/Frameworks/Foundation.framework; sourceTree = SDKROOT; };
/* End PBXFileReference section */

/* Begin PBXFrameworksBuildPhase section */
		CA5B4F09083DF8D00071F3C7 /* Frameworks */ = {
			isa = PBXFrameworksBuildPhase;
			buildActionMask = 2147483647;
			files = (
				CA5B4FA1083DFD5C0071F3C7 /* Cocoa.framework in Frameworks */,
				CA5B4FAD083DFE310071F3C7 /* SystemUIPlugin.framework in Frameworks */,
			);
			runOnlyForDeploymentPostprocessing = 0;
		};
		CA6C7370083B96D50006D65C /* Frameworks */ = {
			isa = PBXFrameworksBuildPhase;
			buildActionMask = 2147483647;
			files = (
				CA6C73A0083B985E0006D65C /* Cocoa.framework in Frameworks */,
				CA6C73A7083B98830006D65C /* SystemConfiguration.framework in Frameworks */,
			);
			runOnlyForDeploymentPostprocessing = 0;
		};
		CA6C73EC083B9AE60006D65C /* Frameworks */ = {
			isa = PBXFrameworksBuildPhase;
			buildActionMask = 2147483647;
			files = (
				CA6C7457083B9D530006D65C /* PreferencePanes.framework in Frameworks */,
				CA6C7458083B9D540006D65C /* Cocoa.framework in Frameworks */,
				4C80E0EC089617E800E14B0E /* SystemConfiguration.framework in Frameworks */,
			);
			runOnlyForDeploymentPostprocessing = 0;
		};
		D473499813E8524D00582E59 /* Frameworks */ = {
			isa = PBXFrameworksBuildPhase;
			buildActionMask = 2147483647;
			files = (
				D473499D13E8524D00582E59 /* Cocoa.framework in Frameworks */,
				A16A6E1313EF018000D3A5E4 /* SystemConfiguration.framework in Frameworks */,
			);
			runOnlyForDeploymentPostprocessing = 0;
		};
/* End PBXFrameworksBuildPhase section */

/* Begin PBXGroup section */
		A10458031409FDD000E8FB2E /* Source */ = {
			isa = PBXGroup;
			children = (
				A10458041409FDD000E8FB2E /* SKMCommon.h */,
				A10458051409FDD000E8FB2E /* SKMConfigEntry.h */,
				A10458061409FDD000E8FB2E /* SKMConfigEntry.m */,
				A10458071409FDD000E8FB2E /* SKMSettingsClientConfigurationController.h */,
				A10458081409FDD000E8FB2E /* SKMSettingsClientConfigurationController.m */,
				A10458091409FDD000E8FB2E /* SKMSettingsWindowController.h */,
				A104580A1409FDD000E8FB2E /* SKMSettingsWindowController.m */,
				A104580B1409FDD000E8FB2E /* SynergyKMAppDelegate.h */,
				A104580C1409FDD000E8FB2E /* SynergyKMAppDelegate.m */,
			);
			path = Source;
			sourceTree = "<group>";
		};
		A16A6DF013DD11C700D3A5E4 /* Products */ = {
			isa = PBXGroup;
			children = (
				A16A6DF713DD11C800D3A5E4 /* MenuCracker.menu */,
				A16A6DF913DD11C800D3A5E4 /* openUp */,
				A16A6DFB13DD11C800D3A5E4 /* version */,
			);
			name = Products;
			sourceTree = "<group>";
		};
		CA059176089C30B300A3901F /* Installer */ = {
			isa = PBXGroup;
			children = (
				CA05917A089C30FA00A3901F /* MainMenu.nib */,
				CA05917E089C30FA00A3901F /* Info.plist */,
				CA05917F089C30FA00A3901F /* installer.applescript */,
				CA059180089C30FA00A3901F /* installer.m */,
				CA059181089C30FA00A3901F /* quitsynergyd.m */,
			);
			name = Installer;
			path = Components/Installer;
			sourceTree = "<group>";
		};
		CA5B5388083EA72B0071F3C7 /* StatusMenuController */ = {
			isa = PBXGroup;
			children = (
				CA5B5389083EA72B0071F3C7 /* SKMMenuExtraController.h */,
				CA5B538A083EA72B0071F3C7 /* SKMMenuExtraController.m */,
			);
			name = StatusMenuController;
			path = Components/StatusMenuController;
			sourceTree = "<group>";
		};
		CA6C72E7083B926D0006D65C = {
			isa = PBXGroup;
			children = (
				D473498F13E84E7500582E59 /* SynergyKM */,
				A16A6DEF13DD11C700D3A5E4 /* MenuCracker.xcodeproj */,
				C466FA441006618A00DEB597 /* synergyc */,
				C466FA451006618A00DEB597 /* synergys */,
				CA6C736A083B96A60006D65C /* Documentation */,
				CA6C72FB083B969B0006D65C /* Daemon */,
				CA059176089C30B300A3901F /* Installer */,
				CA6C7314083B969B0006D65C /* Prefpane */,
				CA6C7343083B969C0006D65C /* StatusMenu */,
				CA5B5388083EA72B0071F3C7 /* StatusMenuController */,
				CA6C7444083B9CE10006D65C /* Common */,
				CA6C739C083B98400006D65C /* Frameworks */,
				CA6C7373083B96D50006D65C /* Products */,
			);
			sourceTree = "<group>";
		};
		CA6C72FB083B969B0006D65C /* Daemon */ = {
			isa = PBXGroup;
			children = (
				CA6C72FC083B969B0006D65C /* Resources */,
				CA6C72FE083B969B0006D65C /* Source */,
				CA6C7313083B969B0006D65C /* Synergyd.m */,
			);
			name = Daemon;
			path = Components/Daemon;
			sourceTree = "<group>";
		};
		CA6C72FC083B969B0006D65C /* Resources */ = {
			isa = PBXGroup;
			children = (
				CA6C72FD083B969B0006D65C /* Info.plist */,
				CA6C737D083B97720006D65C /* InfoPlist.strings */,
				CA6C7383083B979B0006D65C /* Synergyd.nib */,
			);
			path = Resources;
			sourceTree = "<group>";
		};
		CA6C72FE083B969B0006D65C /* Source */ = {
			isa = PBXGroup;
			children = (
				CA6C72FF083B969B0006D65C /* SDAppController.h */,
				CA6C7300083B969B0006D65C /* SDAppController.m */,
				CA6C7301083B969B0006D65C /* SDAutomaticConfigurationAgent.h */,
				CA6C7302083B969B0006D65C /* SDAutomaticConfigurationAgent.m */,
				CA6C7303083B969B0006D65C /* SDConfigurationAgent.h */,
				CA6C7304083B969B0006D65C /* SDConfigurationAgent.m */,
				CA6C7305083B969B0006D65C /* SDConfigurationManager.h */,
				CA6C7306083B969B0006D65C /* SDConfigurationManager.m */,
				CA6C7307083B969B0006D65C /* SDStaticConfigurationAgent.h */,
				CA6C7308083B969B0006D65C /* SDStaticConfigurationAgent.m */,
				CA6C7309083B969B0006D65C /* SDStatusUpdater.h */,
				CA6C730A083B969B0006D65C /* SDStatusUpdater.m */,
				CA6C730B083B969B0006D65C /* SDSynergyClientWrapper.h */,
				CA6C730C083B969B0006D65C /* SDSynergyClientWrapper.m */,
				CA6C730D083B969B0006D65C /* SDSynergyServerWrapper.h */,
				CA6C730E083B969B0006D65C /* SDSynergyServerWrapper.m */,
				CA6C730F083B969B0006D65C /* SDSynergyWrapper.h */,
				CA6C7310083B969B0006D65C /* SDSynergyWrapper.m */,
				CA6C7311083B969B0006D65C /* SDUtilities.h */,
				CA6C7312083B969B0006D65C /* SDUtilities.m */,
			);
			path = Source;
			sourceTree = "<group>";
		};
		CA6C7314083B969B0006D65C /* Prefpane */ = {
			isa = PBXGroup;
			children = (
				CA6C7315083B969B0006D65C /* Configuration */,
				CA6C731C083B969B0006D65C /* Controllers */,
				CA6C732F083B969C0006D65C /* Resources */,
				CA6C7337083B969C0006D65C /* SynergyPane.h */,
				CA6C7338083B969C0006D65C /* SynergyPane.mm */,
				CA6C7339083B969C0006D65C /* Utilities */,
				CA6C733E083B969C0006D65C /* Widgets */,
			);
			name = Prefpane;
			path = Components/Prefpane;
			sourceTree = "<group>";
		};
		CA6C7315083B969B0006D65C /* Configuration */ = {
			isa = PBXGroup;
			children = (
				CA6C7316083B969B0006D65C /* SPConfigEntry.h */,
				CA6C7317083B969B0006D65C /* SPConfigEntry.mm */,
				CA6C7318083B969B0006D65C /* SPConfigurationManager.h */,
				CA6C7319083B969B0006D65C /* SPConfigurationManager.mm */,
				CA6C731A083B969B0006D65C /* SPScreenEntry.h */,
				CA6C731B083B969B0006D65C /* SPScreenEntry.mm */,
			);
			path = Configuration;
			sourceTree = "<group>";
		};
		CA6C731C083B969B0006D65C /* Controllers */ = {
			isa = PBXGroup;
			children = (
				CA6C731D083B969B0006D65C /* SPAliasesListController.h */,
				CA6C731E083B969B0006D65C /* SPAliasesListController.mm */,
				CA6C731F083B969B0006D65C /* SPBaseSheetController.h */,
				CA6C7320083B969B0006D65C /* SPBaseSheetController.mm */,
				CA6C7321083B969B0006D65C /* SPClientTabController.h */,
				CA6C7322083B969B0006D65C /* SPClientTabController.mm */,
				CA6C7323083B969B0006D65C /* SPEditLocationController.h */,
				CA6C7324083B969B0006D65C /* SPEditLocationController.mm */,
				CA6C7325083B969B0006D65C /* SPNewLocationController.h */,
				CA6C7326083B969B0006D65C /* SPNewLocationController.mm */,
				CA6C7327083B969B0006D65C /* SPScreenEntryBaseSheetController.h */,
				CA6C7328083B969B0006D65C /* SPScreenEntryBaseSheetController.mm */,
				CA6C7329083B969C0006D65C /* SPScreenOptionsController.h */,
				CA6C732A083B969C0006D65C /* SPScreenOptionsController.mm */,
				CA6C732B083B969C0006D65C /* SPServerOptionsController.h */,
				CA6C732C083B969C0006D65C /* SPServerOptionsController.mm */,
				CA6C732D083B969C0006D65C /* SPServerTabController.h */,
				CA6C732E083B969C0006D65C /* SPServerTabController.mm */,
			);
			path = Controllers;
			sourceTree = "<group>";
		};
		CA6C732F083B969C0006D65C /* Resources */ = {
			isa = PBXGroup;
			children = (
				CA6C7416083B9C1D0006D65C /* InfoPlist.strings */,
				CA6C741A083B9C230006D65C /* SynergyPane.nib */,
				CA6C7334083B969C0006D65C /* Info.plist */,
				C40DF8FE0E244EA400450B52 /* SynergyScreen.png */,
				C40DF8FF0E244EA400450B52 /* SynergyPref.png */,
				C40DF9410E24582100450B52 /* Synergy.png */,
			);
			path = Resources;
			sourceTree = "<group>";
		};
		CA6C7339083B969C0006D65C /* Utilities */ = {
			isa = PBXGroup;
			children = (
				CA6C733A083B969C0006D65C /* SPBezierPath+RoundRect.h */,
				CA6C733B083B969C0006D65C /* SPBezierPath+RoundRect.m */,
				CA6C733C083B969C0006D65C /* SPStringAdditions.h */,
				CA6C733D083B969C0006D65C /* SPStringAdditions.mm */,
			);
			path = Utilities;
			sourceTree = "<group>";
		};
		CA6C733E083B969C0006D65C /* Widgets */ = {
			isa = PBXGroup;
			children = (
				CA6C733F083B969C0006D65C /* SPScreenView.h */,
				CA6C7340083B969C0006D65C /* SPScreenView.mm */,
				CA6C7341083B969C0006D65C /* SPTableView.h */,
				CA6C7342083B969C0006D65C /* SPTableView.mm */,
			);
			path = Widgets;
			sourceTree = "<group>";
		};
		CA6C7343083B969C0006D65C /* StatusMenu */ = {
			isa = PBXGroup;
			children = (
				CA6C7344083B969C0006D65C /* Resources */,
				CA6C7360083B969C0006D65C /* Source */,
			);
			name = StatusMenu;
			path = Components/StatusMenu;
			sourceTree = "<group>";
		};
		CA6C7344083B969C0006D65C /* Resources */ = {
			isa = PBXGroup;
			children = (
				CA97F107083F872B00F8650A /* InfoPlist.strings */,
				CA5B4F12083DF9350071F3C7 /* Info.plist */,
				CA6C7349083B969C0006D65C /* StatusConnected.tif */,
				CA6C734A083B969C0006D65C /* StatusConnected_P.tif */,
				CA6C734B083B969C0006D65C /* StatusConnecting_1.tif */,
				CA6C734C083B969C0006D65C /* StatusConnecting_1_P.tif */,
				CA6C734D083B969C0006D65C /* StatusConnecting_2.tif */,
				CA6C734E083B969C0006D65C /* StatusConnecting_2_P.tif */,
				CA6C734F083B969C0006D65C /* StatusDisconnected.tif */,
				CA6C7350083B969C0006D65C /* StatusDisconnected_P.tif */,
				CA6C7351083B969C0006D65C /* StatusDiscovering_1.tif */,
				CA6C7352083B969C0006D65C /* StatusDiscovering_1_P.tif */,
				CA6C7353083B969C0006D65C /* StatusDiscovering_2.tif */,
				CA6C7354083B969C0006D65C /* StatusDiscovering_2_P.tif */,
				CA6C7355083B969C0006D65C /* StatusDiscovering_3.tif */,
				CA6C7356083B969C0006D65C /* StatusDiscovering_3_P.tif */,
				CA6C7357083B969C0006D65C /* StatusError.tif */,
				CA6C7358083B969C0006D65C /* StatusError_P.tif */,
				CA6C7359083B969C0006D65C /* StatusIdle.tif */,
				CA6C735A083B969C0006D65C /* StatusIdle_P.tif */,
				CA6C735B083B969C0006D65C /* StatusInvalid.tif */,
				CA6C735C083B969C0006D65C /* StatusInvalid_P.tif */,
				CA6C735D083B969C0006D65C /* StatusRunning.tif */,
				CA6C735E083B969C0006D65C /* StatusRunning_P.tif */,
				CA3C3B1B087D34D3007161A1 /* StatusWarning_P.tif */,
				CA3C3B1C087D34D3007161A1 /* StatusWarning.tif */,
				CA6C735F083B969C0006D65C /* Synergy Status.psd */,
			);
			path = Resources;
			sourceTree = "<group>";
		};
		CA6C7360083B969C0006D65C /* Source */ = {
			isa = PBXGroup;
			children = (
				CA5B4F4D083DFB700071F3C7 /* SMStatusMenuExtra.h */,
				CA5B4F4E083DFB700071F3C7 /* SMStatusMenuExtra.m */,
			);
			path = Source;
			sourceTree = "<group>";
		};
		CA6C736A083B96A60006D65C /* Documentation */ = {
			isa = PBXGroup;
			children = (
				C4ECDFAF10536732003D2908 /* Read Me.rtfd */,
			);
			path = Documentation;
			sourceTree = "<group>";
		};
		CA6C7373083B96D50006D65C /* Products */ = {
			isa = PBXGroup;
			children = (
				CA6C7372083B96D50006D65C /* Synergyd.app */,
				CA6C73EE083B9AE60006D65C /* SynergyKM.prefPane */,
				CA5B4F0B083DF8D00071F3C7 /* SynergyKM.menu */,
				D473499B13E8524D00582E59 /* SynergyKM.app */,
			);
			name = Products;
			sourceTree = "<group>";
		};
		CA6C739C083B98400006D65C /* Frameworks */ = {
			isa = PBXGroup;
			children = (
				CA059256089C334D00A3901F /* AppleScriptKit.framework */,
				CA05922A089C325F00A3901F /* CoreFoundation.framework */,
				CA5B4FAC083DFE310071F3C7 /* SystemUIPlugin.framework */,
				CA6C739F083B985E0006D65C /* Cocoa.framework */,
				CA6C73A6083B98830006D65C /* SystemConfiguration.framework */,
				CA6C73A3083B986D0006D65C /* PreferencePanes.framework */,
				D473499E13E8524D00582E59 /* Other Frameworks */,
			);
			name = Frameworks;
			sourceTree = "<group>";
		};
		CA6C7444083B9CE10006D65C /* Common */ = {
			isa = PBXGroup;
			children = (
				CA6C7445083B9CE10006D65C /* LCSStdIOTaskWrapper.h */,
				CA6C7446083B9CE10006D65C /* LCSStdIOTaskWrapper.m */,
				CA6C7447083B9CE10006D65C /* SDConstants.h */,
				CA6C7448083B9CE10006D65C /* SDConstants.m */,
				CA6C7449083B9CE10006D65C /* SPProcessInfoAdditions.h */,
				CA6C744A083B9CE10006D65C /* SPProcessInfoAdditions.m */,
				CA6C744B083B9CE10006D65C /* SynergyKM_Prefix.pch */,
				CA5B50A3083E0D490071F3C7 /* SKMServerController.h */,
				CA5B50A4083E0D490071F3C7 /* SKMServerController.m */,
				CAA598720840DC1F0076CB83 /* Synergy.icns */,
				CAA598420840D8DF0076CB83 /* Synergy.psd */,
			);
			name = Common;
			path = Components/Common;
			sourceTree = "<group>";
		};
		D473498F13E84E7500582E59 /* SynergyKM */ = {
			isa = PBXGroup;
			children = (
				A10458031409FDD000E8FB2E /* Source */,
				D473499113E84E9100582E59 /* Resources */,
				D473499313E84EE500582E59 /* SynergyKM.m */,
			);
			name = SynergyKM;
			path = Components/SynergyKM;
			sourceTree = "<group>";
		};
		D473499113E84E9100582E59 /* Resources */ = {
			isa = PBXGroup;
			children = (
				A10457FE1409FD7900E8FB2E /* InfoPlist.strings */,
				A10458001409FD7900E8FB2E /* Settings.xib */,
				D412C68D13E85BE60015ED7E /* Info.plist */,
				D45CEAC613E861C3001A1EFB /* Menu.xib */,
			);
			path = Resources;
			sourceTree = "<group>";
		};
		D473499E13E8524D00582E59 /* Other Frameworks */ = {
			isa = PBXGroup;
			children = (
				D473499F13E8524D00582E59 /* AppKit.framework */,
				D47349A013E8524D00582E59 /* CoreData.framework */,
				D47349A113E8524D00582E59 /* Foundation.framework */,
			);
			name = "Other Frameworks";
			sourceTree = "<group>";
		};
/* End PBXGroup section */

/* Begin PBXNativeTarget section */
		CA5B4F0A083DF8D00071F3C7 /* StatusMenu */ = {
			isa = PBXNativeTarget;
			buildConfigurationList = CA3CDB6A087AF15F00A4B356 /* Build configuration list for PBXNativeTarget "StatusMenu" */;
			buildPhases = (
				CA5B4F07083DF8D00071F3C7 /* Resources */,
				CA5B4F08083DF8D00071F3C7 /* Sources */,
				CA5B4F09083DF8D00071F3C7 /* Frameworks */,
			);
			buildRules = (
			);
			dependencies = (
			);
			name = StatusMenu;
			productName = StatusMenu;
			productReference = CA5B4F0B083DF8D00071F3C7 /* SynergyKM.menu */;
			productType = "com.apple.product-type.bundle";
		};
		CA6C7371083B96D50006D65C /* Daemon */ = {
			isa = PBXNativeTarget;
			buildConfigurationList = CA3CDB66087AF15F00A4B356 /* Build configuration list for PBXNativeTarget "Daemon" */;
			buildPhases = (
				CA6C736E083B96D50006D65C /* Resources */,
				CA6C736F083B96D50006D65C /* Sources */,
				CA6C7370083B96D50006D65C /* Frameworks */,
			);
			buildRules = (
			);
			dependencies = (
			);
			name = Daemon;
			productName = Synergyd;
			productReference = CA6C7372083B96D50006D65C /* Synergyd.app */;
			productType = "com.apple.product-type.application";
		};
		CA6C73ED083B9AE60006D65C /* Prefpane */ = {
			isa = PBXNativeTarget;
			buildConfigurationList = CA3CDB6E087AF15F00A4B356 /* Build configuration list for PBXNativeTarget "Prefpane" */;
			buildPhases = (
				A16A6DFF13DD137E00D3A5E4 /* CopyFiles */,
				CA6C73EA083B9AE60006D65C /* Resources */,
				CA6C73EB083B9AE60006D65C /* Sources */,
				CA6C73EC083B9AE60006D65C /* Frameworks */,
			);
			buildRules = (
			);
			dependencies = (
				A16A6DFD13DD133400D3A5E4 /* PBXTargetDependency */,
				A1D0A5EE13DCA1EF0006C1D6 /* PBXTargetDependency */,
				A1D0A5EC13DCA1E80006C1D6 /* PBXTargetDependency */,
			);
			name = Prefpane;
			productName = Prefpane;
			productReference = CA6C73EE083B9AE60006D65C /* SynergyKM.prefPane */;
			productType = "com.apple.product-type.bundle";
		};
		D473499A13E8524D00582E59 /* SynergyKM */ = {
			isa = PBXNativeTarget;
			buildConfigurationList = D47349B413E8524D00582E59 /* Build configuration list for PBXNativeTarget "SynergyKM" */;
			buildPhases = (
				D47349E213E859E600582E59 /* Resources */,
				D473499713E8524D00582E59 /* Sources */,
				D473499813E8524D00582E59 /* Frameworks */,
			);
			buildRules = (
			);
			dependencies = (
			);
			name = SynergyKM;
			productName = SynergyKM;
			productReference = D473499B13E8524D00582E59 /* SynergyKM.app */;
			productType = "com.apple.product-type.application";
		};
/* End PBXNativeTarget section */

/* Begin PBXProject section */
		CA6C72EB083B926D0006D65C /* Project object */ = {
			isa = PBXProject;
			attributes = {
				LastUpgradeCheck = 0410;
			};
			buildConfigurationList = CA3CDB81087AF15F00A4B356 /* Build configuration list for PBXProject "SynergyKM" */;
			compatibilityVersion = "Xcode 3.2";
			developmentRegion = English;
			hasScannedForEncodings = 0;
			knownRegions = (
				en,
				English,
			);
			mainGroup = CA6C72E7083B926D0006D65C;
			productRefGroup = CA6C7373083B96D50006D65C /* Products */;
			projectDirPath = "";
			projectReferences = (
				{
					ProductGroup = A16A6DF013DD11C700D3A5E4 /* Products */;
					ProjectRef = A16A6DEF13DD11C700D3A5E4 /* MenuCracker.xcodeproj */;
				},
			);
			projectRoot = "";
			targets = (
				CA6C745B083B9D8B0006D65C /* All */,
				CA6C7371083B96D50006D65C /* Daemon */,
				CA6C73ED083B9AE60006D65C /* Prefpane */,
				CA5B4F0A083DF8D00071F3C7 /* StatusMenu */,
				CA05914B089C2EB300A3901F /* Export Helpbook */,
				D473499A13E8524D00582E59 /* SynergyKM */,
			);
		};
/* End PBXProject section */

/* Begin PBXReferenceProxy section */
		A16A6DF713DD11C800D3A5E4 /* MenuCracker.menu */ = {
			isa = PBXReferenceProxy;
			fileType = wrapper.cfbundle;
			path = MenuCracker.menu;
			remoteRef = A16A6DF613DD11C800D3A5E4 /* PBXContainerItemProxy */;
			sourceTree = BUILT_PRODUCTS_DIR;
		};
		A16A6DF913DD11C800D3A5E4 /* openUp */ = {
			isa = PBXReferenceProxy;
			fileType = "compiled.mach-o.executable";
			path = openUp;
			remoteRef = A16A6DF813DD11C800D3A5E4 /* PBXContainerItemProxy */;
			sourceTree = BUILT_PRODUCTS_DIR;
		};
		A16A6DFB13DD11C800D3A5E4 /* version */ = {
			isa = PBXReferenceProxy;
			fileType = "compiled.mach-o.executable";
			path = version;
			remoteRef = A16A6DFA13DD11C800D3A5E4 /* PBXContainerItemProxy */;
			sourceTree = BUILT_PRODUCTS_DIR;
		};
/* End PBXReferenceProxy section */

/* Begin PBXResourcesBuildPhase section */
		CA5B4F07083DF8D00071F3C7 /* Resources */ = {
			isa = PBXResourcesBuildPhase;
			buildActionMask = 2147483647;
			files = (
				CA5B4F25083DF9F70071F3C7 /* StatusConnected.tif in Resources */,
				CA5B4F26083DF9F70071F3C7 /* StatusConnected_P.tif in Resources */,
				CA5B4F27083DF9F80071F3C7 /* StatusConnecting_1.tif in Resources */,
				CA5B4F29083DF9FA0071F3C7 /* StatusConnecting_2.tif in Resources */,
				CA5B4F2A083DF9FA0071F3C7 /* StatusConnecting_1_P.tif in Resources */,
				CA5B4F2B083DF9FB0071F3C7 /* StatusConnecting_2_P.tif in Resources */,
				CA5B4F2C083DF9FC0071F3C7 /* StatusDisconnected.tif in Resources */,
				CA5B4F2D083DF9FD0071F3C7 /* StatusDisconnected_P.tif in Resources */,
				CA5B4F2E083DF9FD0071F3C7 /* StatusDiscovering_1.tif in Resources */,
				CA5B4F2F083DF9FE0071F3C7 /* StatusDiscovering_1_P.tif in Resources */,
				CA5B4F30083DF9FF0071F3C7 /* StatusDiscovering_2.tif in Resources */,
				CA5B4F31083DFA000071F3C7 /* StatusDiscovering_2_P.tif in Resources */,
				CA5B4F32083DFA010071F3C7 /* StatusDiscovering_3.tif in Resources */,
				CA5B4F33083DFA010071F3C7 /* StatusDiscovering_3_P.tif in Resources */,
				CA5B4F34083DFA020071F3C7 /* StatusError.tif in Resources */,
				CA5B4F35083DFA020071F3C7 /* StatusError_P.tif in Resources */,
				CA5B4F36083DFA030071F3C7 /* StatusIdle.tif in Resources */,
				CA5B4F37083DFA050071F3C7 /* StatusIdle_P.tif in Resources */,
				CA5B4F38083DFA050071F3C7 /* StatusInvalid.tif in Resources */,
				CA5B4F39083DFA050071F3C7 /* StatusInvalid_P.tif in Resources */,
				CA5B4F3A083DFA060071F3C7 /* StatusRunning.tif in Resources */,
				CA5B4F3C083DFA070071F3C7 /* StatusRunning_P.tif in Resources */,
				CA97F109083F872C00F8650A /* InfoPlist.strings in Resources */,
				CA3C3B1D087D34D3007161A1 /* StatusWarning_P.tif in Resources */,
				CA3C3B1E087D34D3007161A1 /* StatusWarning.tif in Resources */,
			);
			runOnlyForDeploymentPostprocessing = 0;
		};
		CA6C736E083B96D50006D65C /* Resources */ = {
			isa = PBXResourcesBuildPhase;
			buildActionMask = 2147483647;
			files = (
				CA6C7381083B97720006D65C /* InfoPlist.strings in Resources */,
				CA6C7385083B979B0006D65C /* Synergyd.nib in Resources */,
				CAA598730840DC1F0076CB83 /* Synergy.icns in Resources */,
				C40DF9000E244EA400450B52 /* SynergyScreen.png in Resources */,
				C40DF9010E244EA400450B52 /* SynergyPref.png in Resources */,
				C40DF9420E24582100450B52 /* Synergy.png in Resources */,
				C466FA461006618A00DEB597 /* synergyc in Resources */,
				C466FA471006618A00DEB597 /* synergys in Resources */,
			);
			runOnlyForDeploymentPostprocessing = 0;
		};
		CA6C73EA083B9AE60006D65C /* Resources */ = {
			isa = PBXResourcesBuildPhase;
			buildActionMask = 2147483647;
			files = (
				C4ECDFFA105368A7003D2908 /* Synergy.icns in Resources */,
				C40DF9040E244EA800450B52 /* SynergyScreen.png in Resources */,
				C40DF9050E244EA800450B52 /* SynergyPref.png in Resources */,
				C40DF9450E24582C00450B52 /* Synergy.png in Resources */,
				CA6C7431083B9C6E0006D65C /* InfoPlist.strings in Resources */,
				CA6C7432083B9C6E0006D65C /* SynergyPane.nib in Resources */,
				CA6C7466083B9DB90006D65C /* Synergyd.app in Resources */,
				CA5B5301083E9FD70071F3C7 /* SynergyKM.menu in Resources */,
			);
			runOnlyForDeploymentPostprocessing = 0;
		};
		D47349E213E859E600582E59 /* Resources */ = {
			isa = PBXResourcesBuildPhase;
			buildActionMask = 2147483647;
			files = (
				A10458161409FE0400E8FB2E /* InfoPlist.strings in Resources */,
				A10458171409FE0400E8FB2E /* Settings.xib in Resources */,
				D47349E513E85A2700582E59 /* StatusConnected.tif in Resources */,
				D47349E613E85A2700582E59 /* StatusConnected_P.tif in Resources */,
				D47349E713E85A2700582E59 /* StatusConnecting_1.tif in Resources */,
				D47349E813E85A2700582E59 /* StatusConnecting_1_P.tif in Resources */,
				D47349E913E85A2700582E59 /* StatusConnecting_2.tif in Resources */,
				D47349EA13E85A2700582E59 /* StatusConnecting_2_P.tif in Resources */,
				D47349EB13E85A2700582E59 /* StatusDisconnected.tif in Resources */,
				D47349EC13E85A2700582E59 /* StatusDisconnected_P.tif in Resources */,
				D47349ED13E85A2700582E59 /* StatusDiscovering_1.tif in Resources */,
				D47349EE13E85A2700582E59 /* StatusDiscovering_1_P.tif in Resources */,
				D47349EF13E85A2700582E59 /* StatusDiscovering_2.tif in Resources */,
				D47349F013E85A2700582E59 /* StatusDiscovering_2_P.tif in Resources */,
				D47349F113E85A2700582E59 /* StatusDiscovering_3.tif in Resources */,
				D47349F213E85A2700582E59 /* StatusDiscovering_3_P.tif in Resources */,
				D47349F313E85A2700582E59 /* StatusError.tif in Resources */,
				D47349F413E85A2700582E59 /* StatusError_P.tif in Resources */,
				D47349F513E85A2700582E59 /* StatusIdle.tif in Resources */,
				D47349F613E85A2700582E59 /* StatusIdle_P.tif in Resources */,
				D47349F713E85A2700582E59 /* StatusInvalid.tif in Resources */,
				D47349F813E85A2700582E59 /* StatusInvalid_P.tif in Resources */,
				D47349F913E85A2700582E59 /* StatusRunning.tif in Resources */,
				D47349FA13E85A2700582E59 /* StatusRunning_P.tif in Resources */,
				D47349FB13E85A2700582E59 /* StatusWarning_P.tif in Resources */,
				D47349FC13E85A2700582E59 /* StatusWarning.tif in Resources */,
				D45CEAC413E861C3001A1EFB /* Menu.xib in Resources */,
			);
			runOnlyForDeploymentPostprocessing = 0;
		};
/* End PBXResourcesBuildPhase section */

/* Begin PBXShellScriptBuildPhase section */
		CA05914A089C2EB300A3901F /* ShellScript */ = {
			isa = PBXShellScriptBuildPhase;
			buildActionMask = 2147483647;
			files = (
			);
			inputPaths = (
			);
			outputPaths = (
			);
			runOnlyForDeploymentPostprocessing = 0;
			shellPath = /bin/sh;
			shellScript = "PATH=\"/usr/local/bin:/usr/bin:/bin:/opt/local/bin:/sw/bin:$PATH\"\nrm -rf \"$BUILT_PRODUCTS_DIR/SynergyKM Help\"\nsvn export \"$PROJECT_DIR/Documentation/SynergyKM Help\" \"$BUILT_PRODUCTS_DIR/SynergyKM Help\"\n";
		};
/* End PBXShellScriptBuildPhase section */

/* Begin PBXSourcesBuildPhase section */
		CA5B4F08083DF8D00071F3C7 /* Sources */ = {
			isa = PBXSourcesBuildPhase;
			buildActionMask = 2147483647;
			files = (
				CA5B4F4F083DFB700071F3C7 /* SMStatusMenuExtra.m in Sources */,
				CA5B506A083E08570071F3C7 /* SPProcessInfoAdditions.m in Sources */,
				CA5B506B083E08590071F3C7 /* SDConstants.m in Sources */,
				CA5B50A5083E0D490071F3C7 /* SKMServerController.m in Sources */,
			);
			runOnlyForDeploymentPostprocessing = 0;
		};
		CA6C736F083B96D50006D65C /* Sources */ = {
			isa = PBXSourcesBuildPhase;
			buildActionMask = 2147483647;
			files = (
				CA6C7388083B97E60006D65C /* SDAppController.m in Sources */,
				CA6C7389083B97E70006D65C /* SDAutomaticConfigurationAgent.m in Sources */,
				CA6C738A083B97E70006D65C /* SDConfigurationAgent.m in Sources */,
				CA6C738B083B97E80006D65C /* SDConfigurationManager.m in Sources */,
				CA6C738C083B97E90006D65C /* SDStaticConfigurationAgent.m in Sources */,
				CA6C738D083B97E90006D65C /* SDStatusUpdater.m in Sources */,
				CA6C738E083B97E90006D65C /* SDSynergyClientWrapper.m in Sources */,
				CA6C738F083B97EA0006D65C /* SDSynergyServerWrapper.m in Sources */,
				CA6C7390083B97EB0006D65C /* SDSynergyWrapper.m in Sources */,
				CA6C7391083B97EB0006D65C /* SDUtilities.m in Sources */,
				CA6C7392083B97EC0006D65C /* Synergyd.m in Sources */,
				CA6C747C083B9FA60006D65C /* LCSStdIOTaskWrapper.m in Sources */,
				CA6C747D083B9FA90006D65C /* SDConstants.m in Sources */,
				CA6C747E083B9FA90006D65C /* SPProcessInfoAdditions.m in Sources */,
			);
			runOnlyForDeploymentPostprocessing = 0;
		};
		CA6C73EB083B9AE60006D65C /* Sources */ = {
			isa = PBXSourcesBuildPhase;
			buildActionMask = 2147483647;
			files = (
				CA6C741C083B9C560006D65C /* SPScreenEntry.mm in Sources */,
				CA6C741D083B9C570006D65C /* SPServerTabController.mm in Sources */,
				CA6C741E083B9C570006D65C /* SPAliasesListController.mm in Sources */,
				CA6C741F083B9C570006D65C /* SPBaseSheetController.mm in Sources */,
				CA6C7420083B9C580006D65C /* SPConfigEntry.mm in Sources */,
				CA6C7421083B9C580006D65C /* SPEditLocationController.mm in Sources */,
				CA6C7422083B9C590006D65C /* SPBezierPath+RoundRect.m in Sources */,
				CA6C7423083B9C590006D65C /* SPTableView.mm in Sources */,
				CA6C7424083B9C5A0006D65C /* SPScreenEntryBaseSheetController.mm in Sources */,
				CA6C7425083B9C5B0006D65C /* SPConfigurationManager.mm in Sources */,
				CA6C7426083B9C5B0006D65C /* SPScreenOptionsController.mm in Sources */,
				CA6C7428083B9C5C0006D65C /* SPStringAdditions.mm in Sources */,
				CA6C742B083B9C5E0006D65C /* SPScreenView.mm in Sources */,
				CA6C742C083B9C5E0006D65C /* SPNewLocationController.mm in Sources */,
				CA6C742D083B9C5F0006D65C /* SPClientTabController.mm in Sources */,
				CA6C742F083B9C600006D65C /* SPServerOptionsController.mm in Sources */,
				CA6C7430083B9C620006D65C /* SynergyPane.mm in Sources */,
				CA6C744D083B9CE10006D65C /* SDConstants.m in Sources */,
				CA6C744E083B9CE10006D65C /* SPProcessInfoAdditions.m in Sources */,
				CA5B5375083EA69E0071F3C7 /* SKMServerController.m in Sources */,
				CA5B538B083EA72B0071F3C7 /* SKMMenuExtraController.m in Sources */,
			);
			runOnlyForDeploymentPostprocessing = 0;
		};
		D473499713E8524D00582E59 /* Sources */ = {
			isa = PBXSourcesBuildPhase;
			buildActionMask = 2147483647;
			files = (
				A104580F1409FDF400E8FB2E /* SKMConfigEntry.m in Sources */,
				A10458111409FDF400E8FB2E /* SKMSettingsClientConfigurationController.m in Sources */,
				A10458131409FDF400E8FB2E /* SKMSettingsWindowController.m in Sources */,
				A10458151409FDF400E8FB2E /* SynergyKMAppDelegate.m in Sources */,
				D47349BB13E853BF00582E59 /* SynergyKM.m in Sources */,
			);
			runOnlyForDeploymentPostprocessing = 0;
		};
/* End PBXSourcesBuildPhase section */

/* Begin PBXTargetDependency section */
		A16A6DFD13DD133400D3A5E4 /* PBXTargetDependency */ = {
			isa = PBXTargetDependency;
			name = MenuCracker;
			targetProxy = A16A6DFC13DD133400D3A5E4 /* PBXContainerItemProxy */;
		};
		A1D0A5EC13DCA1E80006C1D6 /* PBXTargetDependency */ = {
			isa = PBXTargetDependency;
			target = CA6C7371083B96D50006D65C /* Daemon */;
			targetProxy = A1D0A5EB13DCA1E80006C1D6 /* PBXContainerItemProxy */;
		};
		A1D0A5EE13DCA1EF0006C1D6 /* PBXTargetDependency */ = {
			isa = PBXTargetDependency;
			target = CA5B4F0A083DF8D00071F3C7 /* StatusMenu */;
			targetProxy = A1D0A5ED13DCA1EF0006C1D6 /* PBXContainerItemProxy */;
		};
		CA5B52FA083E9FB70071F3C7 /* PBXTargetDependency */ = {
			isa = PBXTargetDependency;
			target = CA5B4F0A083DF8D00071F3C7 /* StatusMenu */;
			targetProxy = CA5B52F9083E9FB70071F3C7 /* PBXContainerItemProxy */;
		};
		CA6C745F083B9DA20006D65C /* PBXTargetDependency */ = {
			isa = PBXTargetDependency;
			target = CA6C7371083B96D50006D65C /* Daemon */;
			targetProxy = CA6C745E083B9DA20006D65C /* PBXContainerItemProxy */;
		};
		CA6C7461083B9DA20006D65C /* PBXTargetDependency */ = {
			isa = PBXTargetDependency;
			target = CA6C73ED083B9AE60006D65C /* Prefpane */;
			targetProxy = CA6C7460083B9DA20006D65C /* PBXContainerItemProxy */;
		};
		D47349B813E8537200582E59 /* PBXTargetDependency */ = {
			isa = PBXTargetDependency;
			target = D473499A13E8524D00582E59 /* SynergyKM */;
			targetProxy = D47349B713E8537200582E59 /* PBXContainerItemProxy */;
		};
/* End PBXTargetDependency section */

/* Begin PBXVariantGroup section */
		A10457FE1409FD7900E8FB2E /* InfoPlist.strings */ = {
			isa = PBXVariantGroup;
			children = (
				A10457FF1409FD7900E8FB2E /* English */,
			);
			name = InfoPlist.strings;
			sourceTree = "<group>";
		};
		A10458001409FD7900E8FB2E /* Settings.xib */ = {
			isa = PBXVariantGroup;
			children = (
				A10458011409FD7900E8FB2E /* English */,
			);
			name = Settings.xib;
			sourceTree = "<group>";
		};
		CA05917A089C30FA00A3901F /* MainMenu.nib */ = {
			isa = PBXVariantGroup;
			children = (
				CA05917B089C30FA00A3901F /* English */,
			);
			name = MainMenu.nib;
			path = English.lproj;
			sourceTree = "<group>";
		};
		CA6C737D083B97720006D65C /* InfoPlist.strings */ = {
			isa = PBXVariantGroup;
			children = (
				CA6C737E083B97720006D65C /* English */,
			);
			name = InfoPlist.strings;
			sourceTree = "<group>";
		};
		CA6C7383083B979B0006D65C /* Synergyd.nib */ = {
			isa = PBXVariantGroup;
			children = (
				CA6C7384083B979B0006D65C /* English */,
			);
			name = Synergyd.nib;
			sourceTree = "<group>";
		};
		CA6C7416083B9C1D0006D65C /* InfoPlist.strings */ = {
			isa = PBXVariantGroup;
			children = (
				CA6C7331083B969C0006D65C /* English */,
			);
			name = InfoPlist.strings;
			sourceTree = "<group>";
		};
		CA6C741A083B9C230006D65C /* SynergyPane.nib */ = {
			isa = PBXVariantGroup;
			children = (
				CA6C7333083B969C0006D65C /* English */,
			);
			name = SynergyPane.nib;
			sourceTree = "<group>";
		};
		CA97F107083F872B00F8650A /* InfoPlist.strings */ = {
			isa = PBXVariantGroup;
			children = (
				CA97F108083F872B00F8650A /* English */,
			);
			name = InfoPlist.strings;
			sourceTree = "<group>";
		};
		D45CEAC613E861C3001A1EFB /* Menu.xib */ = {
			isa = PBXVariantGroup;
			children = (
				D45CEAC513E861C3001A1EFB /* English */,
			);
			name = Menu.xib;
			sourceTree = "<group>";
		};
/* End PBXVariantGroup section */

/* Begin XCBuildConfiguration section */
		CA059152089C2EC200A3901F /* Debug */ = {
			isa = XCBuildConfiguration;
			buildSettings = {
				COPY_PHASE_STRIP = NO;
				GCC_GENERATE_DEBUGGING_SYMBOLS = YES;
				GCC_OPTIMIZATION_LEVEL = 0;
				OTHER_CFLAGS = "";
				OTHER_LDFLAGS = "";
				OTHER_REZFLAGS = "";
				PRODUCT_NAME = Helpbook;
				SECTORDER_FLAGS = "";
				WARNING_CFLAGS = (
					"-Wmost",
					"-Wno-four-char-constants",
					"-Wno-unknown-pragmas",
				);
			};
			name = Debug;
		};
		CA059153089C2EC200A3901F /* Release */ = {
			isa = XCBuildConfiguration;
			buildSettings = {
				COPY_PHASE_STRIP = YES;
				GCC_GENERATE_DEBUGGING_SYMBOLS = NO;
				GCC_OPTIMIZATION_LEVEL = 0;
				OTHER_CFLAGS = "";
				OTHER_LDFLAGS = "";
				OTHER_REZFLAGS = "";
				PRODUCT_NAME = Helpbook;
				SECTORDER_FLAGS = "";
				WARNING_CFLAGS = (
					"-Wmost",
					"-Wno-four-char-constants",
					"-Wno-unknown-pragmas",
				);
			};
			name = Release;
		};
		CA3CDB67087AF15F00A4B356 /* Debug */ = {
			isa = XCBuildConfiguration;
			buildSettings = {
				CODE_SIGN_IDENTITY = "";
				GCC_PRECOMPILE_PREFIX_HEADER = YES;
				GCC_PREFIX_HEADER = Components/Common/SynergyKM_Prefix.pch;
				INFOPLIST_FILE = Components/Daemon/Resources/Info.plist;
				PRODUCT_NAME = Synergyd;
				SDKROOT = macosx;
			};
			name = Debug;
		};
		CA3CDB68087AF15F00A4B356 /* Release */ = {
			isa = XCBuildConfiguration;
			buildSettings = {
				CODE_SIGN_IDENTITY = "";
				GCC_PRECOMPILE_PREFIX_HEADER = YES;
				GCC_PREFIX_HEADER = Components/Common/SynergyKM_Prefix.pch;
				INFOPLIST_FILE = Components/Daemon/Resources/Info.plist;
				PRODUCT_NAME = Synergyd;
				SDKROOT = macosx;
			};
			name = Release;
		};
		CA3CDB6B087AF15F00A4B356 /* Debug */ = {
			isa = XCBuildConfiguration;
			buildSettings = {
				FRAMEWORK_SEARCH_PATHS = "\"$(SYSTEM_LIBRARY_DIR)/PrivateFrameworks\"";
				GCC_DYNAMIC_NO_PIC = NO;
				GCC_PRECOMPILE_PREFIX_HEADER = YES;
				GCC_PREFIX_HEADER = Components/Common/SynergyKM_Prefix.pch;
				INFOPLIST_FILE = Components/StatusMenu/Resources/Info.plist;
				LIBRARY_STYLE = BUNDLE;
				PRODUCT_NAME = SynergyKM;
				SDKROOT = macosx;
				WRAPPER_EXTENSION = menu;
			};
			name = Debug;
		};
		CA3CDB6C087AF15F00A4B356 /* Release */ = {
			isa = XCBuildConfiguration;
			buildSettings = {
				FRAMEWORK_SEARCH_PATHS = "\"$(SYSTEM_LIBRARY_DIR)/PrivateFrameworks\"";
				GCC_DYNAMIC_NO_PIC = NO;
				GCC_PRECOMPILE_PREFIX_HEADER = YES;
				GCC_PREFIX_HEADER = Components/Common/SynergyKM_Prefix.pch;
				INFOPLIST_FILE = Components/StatusMenu/Resources/Info.plist;
				LIBRARY_STYLE = BUNDLE;
				PRODUCT_NAME = SynergyKM;
				SDKROOT = macosx;
				WRAPPER_EXTENSION = menu;
			};
			name = Release;
		};
		CA3CDB6F087AF15F00A4B356 /* Debug */ = {
			isa = XCBuildConfiguration;
			buildSettings = {
				DEPLOYMENT_LOCATION = YES;
				DSTROOT = /;
				GCC_DYNAMIC_NO_PIC = NO;
				GCC_PRECOMPILE_PREFIX_HEADER = YES;
				GCC_PREFIX_HEADER = Components/Common/SynergyKM_Prefix.pch;
				INFOPLIST_FILE = Components/Prefpane/Resources/Info.plist;
				INSTALL_PATH = "$(USER_LIBRARY_DIR)/PreferencePanes";
				LIBRARY_STYLE = BUNDLE;
				PRODUCT_NAME = SynergyKM;
				SDKROOT = macosx;
				WRAPPER_EXTENSION = prefPane;
			};
			name = Debug;
		};
		CA3CDB70087AF15F00A4B356 /* Release */ = {
			isa = XCBuildConfiguration;
			buildSettings = {
				DEPLOYMENT_LOCATION = YES;
				DSTROOT = /;
				GCC_DYNAMIC_NO_PIC = NO;
				GCC_PRECOMPILE_PREFIX_HEADER = YES;
				GCC_PREFIX_HEADER = Components/Common/SynergyKM_Prefix.pch;
				INFOPLIST_FILE = Components/Prefpane/Resources/Info.plist;
				INSTALL_PATH = "$(USER_LIBRARY_DIR)/PreferencePanes";
				LIBRARY_STYLE = BUNDLE;
				PRODUCT_NAME = SynergyKM;
				SDKROOT = macosx;
				WRAPPER_EXTENSION = prefpane;
			};
			name = Release;
		};
		CA3CDB73087AF15F00A4B356 /* Debug */ = {
			isa = XCBuildConfiguration;
			buildSettings = {
				COPY_PHASE_STRIP = NO;
				PRODUCT_NAME = All;
			};
			name = Debug;
		};
		CA3CDB74087AF15F00A4B356 /* Release */ = {
			isa = XCBuildConfiguration;
			buildSettings = {
				COPY_PHASE_STRIP = YES;
				GCC_PREPROCESSOR_DEFINITIONS = NDEBUG;
				PRODUCT_NAME = All;
			};
			name = Release;
		};
		CA3CDB82087AF15F00A4B356 /* Debug */ = {
			isa = XCBuildConfiguration;
			buildSettings = {
				ARCHS = "$(ARCHS_STANDARD_32_64_BIT)";
				GCC_AUTO_VECTORIZATION = YES;
				GCC_DYNAMIC_NO_PIC = YES;
				GCC_ENABLE_OBJC_GC = supported;
				GCC_OPTIMIZATION_LEVEL = 0;
				MACOSX_DEPLOYMENT_TARGET = 10.5;
				SDKROOT = macosx;
				STRIP_INSTALLED_PRODUCT = NO;
			};
			name = Debug;
		};
		CA3CDB83087AF15F00A4B356 /* Release */ = {
			isa = XCBuildConfiguration;
			buildSettings = {
				ARCHS = "$(ARCHS_STANDARD_32_64_BIT)";
				GCC_AUTO_VECTORIZATION = YES;
				GCC_DYNAMIC_NO_PIC = YES;
				GCC_ENABLE_OBJC_GC = supported;
				GCC_GENERATE_DEBUGGING_SYMBOLS = NO;
				GCC_PREPROCESSOR_DEFINITIONS = NDEBUG;
				MACOSX_DEPLOYMENT_TARGET = 10.5;
				SDKROOT = macosx;
				STRIP_INSTALLED_PRODUCT = NO;
			};
			name = Release;
		};
		D47349B513E8524D00582E59 /* Debug */ = {
			isa = XCBuildConfiguration;
			buildSettings = {
				ALWAYS_SEARCH_USER_PATHS = NO;
				ARCHS = "$(ARCHS_STANDARD_64_BIT)";
				COPY_PHASE_STRIP = NO;
				GCC_C_LANGUAGE_STANDARD = gnu99;
				GCC_DYNAMIC_NO_PIC = NO;
				GCC_ENABLE_OBJC_EXCEPTIONS = YES;
				GCC_PRECOMPILE_PREFIX_HEADER = YES;
				GCC_PREFIX_HEADER = Components/Common/SynergyKM_Prefix.pch;
				GCC_PREPROCESSOR_DEFINITIONS = (
					"DEBUG=1",
					"$(inherited)",
				);
				GCC_SYMBOLS_PRIVATE_EXTERN = NO;
				GCC_VERSION = com.apple.compilers.llvm.clang.1_0;
				GCC_WARN_64_TO_32_BIT_CONVERSION = YES;
				GCC_WARN_ABOUT_MISSING_PROTOTYPES = YES;
				GCC_WARN_ABOUT_RETURN_TYPE = YES;
				GCC_WARN_UNUSED_VARIABLE = YES;
				INFOPLIST_FILE = Components/SynergyKM/Resources/Info.plist;
				MACOSX_DEPLOYMENT_TARGET = 10.5;
				ONLY_ACTIVE_ARCH = YES;
				PRODUCT_NAME = "$(TARGET_NAME)";
				WRAPPER_EXTENSION = app;
			};
			name = Debug;
		};
		D47349B613E8524D00582E59 /* Release */ = {
			isa = XCBuildConfiguration;
			buildSettings = {
				ALWAYS_SEARCH_USER_PATHS = NO;
				ARCHS = "$(ARCHS_STANDARD_64_BIT)";
				COPY_PHASE_STRIP = YES;
				DEBUG_INFORMATION_FORMAT = "dwarf-with-dsym";
				GCC_C_LANGUAGE_STANDARD = gnu99;
				GCC_ENABLE_OBJC_EXCEPTIONS = YES;
				GCC_PRECOMPILE_PREFIX_HEADER = YES;
				GCC_PREFIX_HEADER = Components/Common/SynergyKM_Prefix.pch;
				GCC_VERSION = com.apple.compilers.llvm.clang.1_0;
				GCC_WARN_64_TO_32_BIT_CONVERSION = YES;
				GCC_WARN_ABOUT_MISSING_PROTOTYPES = YES;
				GCC_WARN_ABOUT_RETURN_TYPE = YES;
				GCC_WARN_UNUSED_VARIABLE = YES;
				INFOPLIST_FILE = Components/SynergyKM/Resources/Info.plist;
				MACOSX_DEPLOYMENT_TARGET = 10.5;
				PRODUCT_NAME = "$(TARGET_NAME)";
				WRAPPER_EXTENSION = app;
			};
			name = Release;
		};
/* End XCBuildConfiguration section */

/* Begin XCConfigurationList section */
		CA059151089C2EC200A3901F /* Build configuration list for PBXAggregateTarget "Export Helpbook" */ = {
			isa = XCConfigurationList;
			buildConfigurations = (
				CA059152089C2EC200A3901F /* Debug */,
				CA059153089C2EC200A3901F /* Release */,
			);
			defaultConfigurationIsVisible = 0;
			defaultConfigurationName = Debug;
		};
		CA3CDB66087AF15F00A4B356 /* Build configuration list for PBXNativeTarget "Daemon" */ = {
			isa = XCConfigurationList;
			buildConfigurations = (
				CA3CDB67087AF15F00A4B356 /* Debug */,
				CA3CDB68087AF15F00A4B356 /* Release */,
			);
			defaultConfigurationIsVisible = 0;
			defaultConfigurationName = Debug;
		};
		CA3CDB6A087AF15F00A4B356 /* Build configuration list for PBXNativeTarget "StatusMenu" */ = {
			isa = XCConfigurationList;
			buildConfigurations = (
				CA3CDB6B087AF15F00A4B356 /* Debug */,
				CA3CDB6C087AF15F00A4B356 /* Release */,
			);
			defaultConfigurationIsVisible = 0;
			defaultConfigurationName = Debug;
		};
		CA3CDB6E087AF15F00A4B356 /* Build configuration list for PBXNativeTarget "Prefpane" */ = {
			isa = XCConfigurationList;
			buildConfigurations = (
				CA3CDB6F087AF15F00A4B356 /* Debug */,
				CA3CDB70087AF15F00A4B356 /* Release */,
			);
			defaultConfigurationIsVisible = 0;
			defaultConfigurationName = Debug;
		};
		CA3CDB72087AF15F00A4B356 /* Build configuration list for PBXAggregateTarget "All" */ = {
			isa = XCConfigurationList;
			buildConfigurations = (
				CA3CDB73087AF15F00A4B356 /* Debug */,
				CA3CDB74087AF15F00A4B356 /* Release */,
			);
			defaultConfigurationIsVisible = 0;
			defaultConfigurationName = Debug;
		};
		CA3CDB81087AF15F00A4B356 /* Build configuration list for PBXProject "SynergyKM" */ = {
			isa = XCConfigurationList;
			buildConfigurations = (
				CA3CDB82087AF15F00A4B356 /* Debug */,
				CA3CDB83087AF15F00A4B356 /* Release */,
			);
			defaultConfigurationIsVisible = 0;
			defaultConfigurationName = Debug;
		};
		D47349B413E8524D00582E59 /* Build configuration list for PBXNativeTarget "SynergyKM" */ = {
			isa = XCConfigurationList;
			buildConfigurations = (
				D47349B513E8524D00582E59 /* Debug */,
				D47349B613E8524D00582E59 /* Release */,
			);
			defaultConfigurationIsVisible = 0;
			defaultConfigurationName = Debug;
		};
/* End XCConfigurationList section */
	};
	rootObject = CA6C72EB083B926D0006D65C /* Project object */;
}
